// !$*UTF8*$!
{
	archiveVersion = 1;
	classes = {
	};
	objectVersion = 55;
	objects = {

/* Begin PBXBuildFile section */
		CB55AABA28E20C7700201806 /* AppDelegate.swift in Sources */ = {isa = PBXBuildFile; fileRef = CB55AAB928E20C7700201806 /* AppDelegate.swift */; };
		CB55AABC28E20C7700201806 /* SceneDelegate.swift in Sources */ = {isa = PBXBuildFile; fileRef = CB55AABB28E20C7700201806 /* SceneDelegate.swift */; };
		CB55AABE28E20C7700201806 /* ViewController.swift in Sources */ = {isa = PBXBuildFile; fileRef = CB55AABD28E20C7700201806 /* ViewController.swift */; };
		CB55AAC328E20C7800201806 /* Assets.xcassets in Resources */ = {isa = PBXBuildFile; fileRef = CB55AAC228E20C7800201806 /* Assets.xcassets */; };
		CB55AADB28E20C7800201806 /* ChessUITests.swift in Sources */ = {isa = PBXBuildFile; fileRef = CB55AADA28E20C7800201806 /* ChessUITests.swift */; };
		CB55AADD28E20C7800201806 /* ChessUITestsLaunchTests.swift in Sources */ = {isa = PBXBuildFile; fileRef = CB55AADC28E20C7800201806 /* ChessUITestsLaunchTests.swift */; };
		CB55AAEF28E3120700201806 /* Board.swift in Sources */ = {isa = PBXBuildFile; fileRef = CB55AAEE28E3120700201806 /* Board.swift */; };
		CB55AAF128E3122A00201806 /* Pawn.swift in Sources */ = {isa = PBXBuildFile; fileRef = CB55AAF028E3122A00201806 /* Pawn.swift */; };
		CB55AAF328E3125200201806 /* BoardState.swift in Sources */ = {isa = PBXBuildFile; fileRef = CB55AAF228E3125200201806 /* BoardState.swift */; };
		CB55AAF528E3150D00201806 /* PawnColor.swift in Sources */ = {isa = PBXBuildFile; fileRef = CB55AAF428E3150D00201806 /* PawnColor.swift */; };
		CB55AAF728E315CA00201806 /* PawnPosition.swift in Sources */ = {isa = PBXBuildFile; fileRef = CB55AAF628E315CA00201806 /* PawnPosition.swift */; };
		CB55AAF928E31FF800201806 /* PawnTests.swift in Sources */ = {isa = PBXBuildFile; fileRef = CB55AAF828E31FF800201806 /* PawnTests.swift */; };
		CB55AAFA28E3229400201806 /* Pawn.swift in Sources */ = {isa = PBXBuildFile; fileRef = CB55AAF028E3122A00201806 /* Pawn.swift */; };
		CB55AAFB28E3229B00201806 /* PawnPosition.swift in Sources */ = {isa = PBXBuildFile; fileRef = CB55AAF628E315CA00201806 /* PawnPosition.swift */; };
		CB55AAFC28E322A000201806 /* Board.swift in Sources */ = {isa = PBXBuildFile; fileRef = CB55AAEE28E3120700201806 /* Board.swift */; };
		CB55AAFD28E322A300201806 /* BoardState.swift in Sources */ = {isa = PBXBuildFile; fileRef = CB55AAF228E3125200201806 /* BoardState.swift */; };
		CB55AAFE28E322A600201806 /* PawnColor.swift in Sources */ = {isa = PBXBuildFile; fileRef = CB55AAF428E3150D00201806 /* PawnColor.swift */; };
		CB55AAFF28E322A800201806 /* ViewController.swift in Sources */ = {isa = PBXBuildFile; fileRef = CB55AABD28E20C7700201806 /* ViewController.swift */; };
		CB55AB0128E32A7200201806 /* BoardTests.swift in Sources */ = {isa = PBXBuildFile; fileRef = CB55AB0028E32A7200201806 /* BoardTests.swift */; };
/* End PBXBuildFile section */

/* Begin PBXContainerItemProxy section */
		CB55AACD28E20C7800201806 /* PBXContainerItemProxy */ = {
			isa = PBXContainerItemProxy;
			containerPortal = CB55AAAE28E20C7700201806 /* Project object */;
			proxyType = 1;
			remoteGlobalIDString = CB55AAB528E20C7700201806;
			remoteInfo = Chess;
		};
		CB55AAD728E20C7800201806 /* PBXContainerItemProxy */ = {
			isa = PBXContainerItemProxy;
			containerPortal = CB55AAAE28E20C7700201806 /* Project object */;
			proxyType = 1;
			remoteGlobalIDString = CB55AAB528E20C7700201806;
			remoteInfo = Chess;
		};
/* End PBXContainerItemProxy section */

/* Begin PBXFileReference section */
		CB55AAB628E20C7700201806 /* Chess.app */ = {isa = PBXFileReference; explicitFileType = wrapper.application; includeInIndex = 0; path = Chess.app; sourceTree = BUILT_PRODUCTS_DIR; };
		CB55AAB928E20C7700201806 /* AppDelegate.swift */ = {isa = PBXFileReference; lastKnownFileType = sourcecode.swift; path = AppDelegate.swift; sourceTree = "<group>"; };
		CB55AABB28E20C7700201806 /* SceneDelegate.swift */ = {isa = PBXFileReference; lastKnownFileType = sourcecode.swift; path = SceneDelegate.swift; sourceTree = "<group>"; };
		CB55AABD28E20C7700201806 /* ViewController.swift */ = {isa = PBXFileReference; lastKnownFileType = sourcecode.swift; path = ViewController.swift; sourceTree = "<group>"; };
		CB55AAC228E20C7800201806 /* Assets.xcassets */ = {isa = PBXFileReference; lastKnownFileType = folder.assetcatalog; path = Assets.xcassets; sourceTree = "<group>"; };
		CB55AAC728E20C7800201806 /* Info.plist */ = {isa = PBXFileReference; lastKnownFileType = text.plist.xml; path = Info.plist; sourceTree = "<group>"; };
		CB55AACC28E20C7800201806 /* ChessTests.xctest */ = {isa = PBXFileReference; explicitFileType = wrapper.cfbundle; includeInIndex = 0; path = ChessTests.xctest; sourceTree = BUILT_PRODUCTS_DIR; };
		CB55AAD628E20C7800201806 /* ChessUITests.xctest */ = {isa = PBXFileReference; explicitFileType = wrapper.cfbundle; includeInIndex = 0; path = ChessUITests.xctest; sourceTree = BUILT_PRODUCTS_DIR; };
		CB55AADA28E20C7800201806 /* ChessUITests.swift */ = {isa = PBXFileReference; lastKnownFileType = sourcecode.swift; path = ChessUITests.swift; sourceTree = "<group>"; };
		CB55AADC28E20C7800201806 /* ChessUITestsLaunchTests.swift */ = {isa = PBXFileReference; lastKnownFileType = sourcecode.swift; path = ChessUITestsLaunchTests.swift; sourceTree = "<group>"; };
		CB55AAEE28E3120700201806 /* Board.swift */ = {isa = PBXFileReference; lastKnownFileType = sourcecode.swift; path = Board.swift; sourceTree = "<group>"; };
		CB55AAF028E3122A00201806 /* Pawn.swift */ = {isa = PBXFileReference; lastKnownFileType = sourcecode.swift; path = Pawn.swift; sourceTree = "<group>"; };
		CB55AAF228E3125200201806 /* BoardState.swift */ = {isa = PBXFileReference; lastKnownFileType = sourcecode.swift; path = BoardState.swift; sourceTree = "<group>"; };
		CB55AAF428E3150D00201806 /* PawnColor.swift */ = {isa = PBXFileReference; lastKnownFileType = sourcecode.swift; path = PawnColor.swift; sourceTree = "<group>"; };
		CB55AAF628E315CA00201806 /* PawnPosition.swift */ = {isa = PBXFileReference; lastKnownFileType = sourcecode.swift; path = PawnPosition.swift; sourceTree = "<group>"; };
		CB55AAF828E31FF800201806 /* PawnTests.swift */ = {isa = PBXFileReference; lastKnownFileType = sourcecode.swift; path = PawnTests.swift; sourceTree = "<group>"; };
		CB55AB0028E32A7200201806 /* BoardTests.swift */ = {isa = PBXFileReference; lastKnownFileType = sourcecode.swift; path = BoardTests.swift; sourceTree = "<group>"; };
/* End PBXFileReference section */

/* Begin PBXFrameworksBuildPhase section */
		CB55AAB328E20C7700201806 /* Frameworks */ = {
			isa = PBXFrameworksBuildPhase;
			buildActionMask = 2147483647;
			files = (
			);
			runOnlyForDeploymentPostprocessing = 0;
		};
		CB55AAC928E20C7800201806 /* Frameworks */ = {
			isa = PBXFrameworksBuildPhase;
			buildActionMask = 2147483647;
			files = (
			);
			runOnlyForDeploymentPostprocessing = 0;
		};
		CB55AAD328E20C7800201806 /* Frameworks */ = {
			isa = PBXFrameworksBuildPhase;
			buildActionMask = 2147483647;
			files = (
			);
			runOnlyForDeploymentPostprocessing = 0;
		};
/* End PBXFrameworksBuildPhase section */

/* Begin PBXGroup section */
		CB55AAAD28E20C7700201806 = {
			isa = PBXGroup;
			children = (
				CB55AAB828E20C7700201806 /* Chess */,
				CB55AACF28E20C7800201806 /* ChessTests */,
				CB55AAD928E20C7800201806 /* ChessUITests */,
				CB55AAB728E20C7700201806 /* Products */,
			);
			sourceTree = "<group>";
		};
		CB55AAB728E20C7700201806 /* Products */ = {
			isa = PBXGroup;
			children = (
				CB55AAB628E20C7700201806 /* Chess.app */,
				CB55AACC28E20C7800201806 /* ChessTests.xctest */,
				CB55AAD628E20C7800201806 /* ChessUITests.xctest */,
			);
			name = Products;
			sourceTree = "<group>";
		};
		CB55AAB828E20C7700201806 /* Chess */ = {
			isa = PBXGroup;
			children = (
				CB55AAC728E20C7800201806 /* Info.plist */,
				CB55AAEA28E20CA800201806 /* Resource */,
				CB55AAE928E20C9F00201806 /* Source */,
			);
			path = Chess;
			sourceTree = "<group>";
		};
		CB55AACF28E20C7800201806 /* ChessTests */ = {
			isa = PBXGroup;
			children = (
				CB55AAF828E31FF800201806 /* PawnTests.swift */,
				CB55AB0028E32A7200201806 /* BoardTests.swift */,
			);
			path = ChessTests;
			sourceTree = "<group>";
		};
		CB55AAD928E20C7800201806 /* ChessUITests */ = {
			isa = PBXGroup;
			children = (
				CB55AADA28E20C7800201806 /* ChessUITests.swift */,
				CB55AADC28E20C7800201806 /* ChessUITestsLaunchTests.swift */,
			);
			path = ChessUITests;
			sourceTree = "<group>";
		};
		CB55AAE928E20C9F00201806 /* Source */ = {
			isa = PBXGroup;
			children = (
				CB55AAED28E211A700201806 /* Pawn */,
				CB55AAEC28E2117A00201806 /* Board */,
				CB55AAEB28E20D2E00201806 /* Core */,
				CB55AABD28E20C7700201806 /* ViewController.swift */,
			);
			path = Source;
			sourceTree = "<group>";
		};
		CB55AAEA28E20CA800201806 /* Resource */ = {
			isa = PBXGroup;
			children = (
				CB55AAC228E20C7800201806 /* Assets.xcassets */,
			);
			path = Resource;
			sourceTree = "<group>";
		};
		CB55AAEB28E20D2E00201806 /* Core */ = {
			isa = PBXGroup;
			children = (
				CB55AABB28E20C7700201806 /* SceneDelegate.swift */,
				CB55AAB928E20C7700201806 /* AppDelegate.swift */,
			);
			path = Core;
			sourceTree = "<group>";
		};
		CB55AAEC28E2117A00201806 /* Board */ = {
			isa = PBXGroup;
			children = (
				CB55AAEE28E3120700201806 /* Board.swift */,
				CB55AAF228E3125200201806 /* BoardState.swift */,
			);
			path = Board;
			sourceTree = "<group>";
		};
		CB55AAED28E211A700201806 /* Pawn */ = {
			isa = PBXGroup;
			children = (
				CB55AAF028E3122A00201806 /* Pawn.swift */,
				CB55AAF428E3150D00201806 /* PawnColor.swift */,
				CB55AAF628E315CA00201806 /* PawnPosition.swift */,
			);
			path = Pawn;
			sourceTree = "<group>";
		};
/* End PBXGroup section */

/* Begin PBXNativeTarget section */
		CB55AAB528E20C7700201806 /* Chess */ = {
			isa = PBXNativeTarget;
			buildConfigurationList = CB55AAE028E20C7800201806 /* Build configuration list for PBXNativeTarget "Chess" */;
			buildPhases = (
				CB55AAB228E20C7700201806 /* Sources */,
				CB55AAB328E20C7700201806 /* Frameworks */,
				CB55AAB428E20C7700201806 /* Resources */,
			);
			buildRules = (
			);
			dependencies = (
			);
			name = Chess;
			productName = Chess;
			productReference = CB55AAB628E20C7700201806 /* Chess.app */;
			productType = "com.apple.product-type.application";
		};
		CB55AACB28E20C7800201806 /* ChessTests */ = {
			isa = PBXNativeTarget;
			buildConfigurationList = CB55AAE328E20C7800201806 /* Build configuration list for PBXNativeTarget "ChessTests" */;
			buildPhases = (
				CB55AAC828E20C7800201806 /* Sources */,
				CB55AAC928E20C7800201806 /* Frameworks */,
				CB55AACA28E20C7800201806 /* Resources */,
			);
			buildRules = (
			);
			dependencies = (
				CB55AACE28E20C7800201806 /* PBXTargetDependency */,
			);
			name = ChessTests;
			productName = ChessTests;
			productReference = CB55AACC28E20C7800201806 /* ChessTests.xctest */;
			productType = "com.apple.product-type.bundle.unit-test";
		};
		CB55AAD528E20C7800201806 /* ChessUITests */ = {
			isa = PBXNativeTarget;
			buildConfigurationList = CB55AAE628E20C7800201806 /* Build configuration list for PBXNativeTarget "ChessUITests" */;
			buildPhases = (
				CB55AAD228E20C7800201806 /* Sources */,
				CB55AAD328E20C7800201806 /* Frameworks */,
				CB55AAD428E20C7800201806 /* Resources */,
			);
			buildRules = (
			);
			dependencies = (
				CB55AAD828E20C7800201806 /* PBXTargetDependency */,
			);
			name = ChessUITests;
			productName = ChessUITests;
			productReference = CB55AAD628E20C7800201806 /* ChessUITests.xctest */;
			productType = "com.apple.product-type.bundle.ui-testing";
		};
/* End PBXNativeTarget section */

/* Begin PBXProject section */
		CB55AAAE28E20C7700201806 /* Project object */ = {
			isa = PBXProject;
			attributes = {
				BuildIndependentTargetsInParallel = 1;
				LastSwiftUpdateCheck = 1340;
				LastUpgradeCheck = 1340;
				TargetAttributes = {
					CB55AAB528E20C7700201806 = {
						CreatedOnToolsVersion = 13.4.1;
					};
					CB55AACB28E20C7800201806 = {
						CreatedOnToolsVersion = 13.4.1;
						TestTargetID = CB55AAB528E20C7700201806;
					};
					CB55AAD528E20C7800201806 = {
						CreatedOnToolsVersion = 13.4.1;
						TestTargetID = CB55AAB528E20C7700201806;
					};
				};
			};
			buildConfigurationList = CB55AAB128E20C7700201806 /* Build configuration list for PBXProject "Chess" */;
			compatibilityVersion = "Xcode 13.0";
			developmentRegion = en;
			hasScannedForEncodings = 0;
			knownRegions = (
				en,
				Base,
			);
			mainGroup = CB55AAAD28E20C7700201806;
			productRefGroup = CB55AAB728E20C7700201806 /* Products */;
			projectDirPath = "";
			projectRoot = "";
			targets = (
				CB55AAB528E20C7700201806 /* Chess */,
				CB55AACB28E20C7800201806 /* ChessTests */,
				CB55AAD528E20C7800201806 /* ChessUITests */,
			);
		};
/* End PBXProject section */

/* Begin PBXResourcesBuildPhase section */
		CB55AAB428E20C7700201806 /* Resources */ = {
			isa = PBXResourcesBuildPhase;
			buildActionMask = 2147483647;
			files = (
				CB55AAC328E20C7800201806 /* Assets.xcassets in Resources */,
			);
			runOnlyForDeploymentPostprocessing = 0;
		};
		CB55AACA28E20C7800201806 /* Resources */ = {
			isa = PBXResourcesBuildPhase;
			buildActionMask = 2147483647;
			files = (
			);
			runOnlyForDeploymentPostprocessing = 0;
		};
		CB55AAD428E20C7800201806 /* Resources */ = {
			isa = PBXResourcesBuildPhase;
			buildActionMask = 2147483647;
			files = (
			);
			runOnlyForDeploymentPostprocessing = 0;
		};
/* End PBXResourcesBuildPhase section */

/* Begin PBXSourcesBuildPhase section */
		CB55AAB228E20C7700201806 /* Sources */ = {
			isa = PBXSourcesBuildPhase;
			buildActionMask = 2147483647;
			files = (
				CB55AAF728E315CA00201806 /* PawnPosition.swift in Sources */,
				CB55AAF328E3125200201806 /* BoardState.swift in Sources */,
				CB55AABE28E20C7700201806 /* ViewController.swift in Sources */,
				CB55AABA28E20C7700201806 /* AppDelegate.swift in Sources */,
				CB55AAEF28E3120700201806 /* Board.swift in Sources */,
				CB55AAF128E3122A00201806 /* Pawn.swift in Sources */,
				CB55AAF528E3150D00201806 /* PawnColor.swift in Sources */,
				CB55AABC28E20C7700201806 /* SceneDelegate.swift in Sources */,
			);
			runOnlyForDeploymentPostprocessing = 0;
		};
		CB55AAC828E20C7800201806 /* Sources */ = {
			isa = PBXSourcesBuildPhase;
			buildActionMask = 2147483647;
			files = (
				CB55AAFD28E322A300201806 /* BoardState.swift in Sources */,
				CB55AAFB28E3229B00201806 /* PawnPosition.swift in Sources */,
				CB55AAFC28E322A000201806 /* Board.swift in Sources */,
				CB55AAFA28E3229400201806 /* Pawn.swift in Sources */,
				CB55AB0128E32A7200201806 /* BoardTests.swift in Sources */,
				CB55AAFE28E322A600201806 /* PawnColor.swift in Sources */,
				CB55AAFF28E322A800201806 /* ViewController.swift in Sources */,
				CB55AAF928E31FF800201806 /* PawnTests.swift in Sources */,
			);
			runOnlyForDeploymentPostprocessing = 0;
		};
		CB55AAD228E20C7800201806 /* Sources */ = {
			isa = PBXSourcesBuildPhase;
			buildActionMask = 2147483647;
			files = (
				CB55AADB28E20C7800201806 /* ChessUITests.swift in Sources */,
				CB55AADD28E20C7800201806 /* ChessUITestsLaunchTests.swift in Sources */,
			);
			runOnlyForDeploymentPostprocessing = 0;
		};
/* End PBXSourcesBuildPhase section */

/* Begin PBXTargetDependency section */
		CB55AACE28E20C7800201806 /* PBXTargetDependency */ = {
			isa = PBXTargetDependency;
			target = CB55AAB528E20C7700201806 /* Chess */;
			targetProxy = CB55AACD28E20C7800201806 /* PBXContainerItemProxy */;
		};
		CB55AAD828E20C7800201806 /* PBXTargetDependency */ = {
			isa = PBXTargetDependency;
			target = CB55AAB528E20C7700201806 /* Chess */;
			targetProxy = CB55AAD728E20C7800201806 /* PBXContainerItemProxy */;
		};
/* End PBXTargetDependency section */

/* Begin XCBuildConfiguration section */
		CB55AADE28E20C7800201806 /* Debug */ = {
			isa = XCBuildConfiguration;
			buildSettings = {
				ALWAYS_SEARCH_USER_PATHS = NO;
				CLANG_ANALYZER_NONNULL = YES;
				CLANG_ANALYZER_NUMBER_OBJECT_CONVERSION = YES_AGGRESSIVE;
				CLANG_CXX_LANGUAGE_STANDARD = "gnu++17";
				CLANG_ENABLE_MODULES = YES;
				CLANG_ENABLE_OBJC_ARC = YES;
				CLANG_ENABLE_OBJC_WEAK = YES;
				CLANG_WARN_BLOCK_CAPTURE_AUTORELEASING = YES;
				CLANG_WARN_BOOL_CONVERSION = YES;
				CLANG_WARN_COMMA = YES;
				CLANG_WARN_CONSTANT_CONVERSION = YES;
				CLANG_WARN_DEPRECATED_OBJC_IMPLEMENTATIONS = YES;
				CLANG_WARN_DIRECT_OBJC_ISA_USAGE = YES_ERROR;
				CLANG_WARN_DOCUMENTATION_COMMENTS = YES;
				CLANG_WARN_EMPTY_BODY = YES;
				CLANG_WARN_ENUM_CONVERSION = YES;
				CLANG_WARN_INFINITE_RECURSION = YES;
				CLANG_WARN_INT_CONVERSION = YES;
				CLANG_WARN_NON_LITERAL_NULL_CONVERSION = YES;
				CLANG_WARN_OBJC_IMPLICIT_RETAIN_SELF = YES;
				CLANG_WARN_OBJC_LITERAL_CONVERSION = YES;
				CLANG_WARN_OBJC_ROOT_CLASS = YES_ERROR;
				CLANG_WARN_QUOTED_INCLUDE_IN_FRAMEWORK_HEADER = YES;
				CLANG_WARN_RANGE_LOOP_ANALYSIS = YES;
				CLANG_WARN_STRICT_PROTOTYPES = YES;
				CLANG_WARN_SUSPICIOUS_MOVE = YES;
				CLANG_WARN_UNGUARDED_AVAILABILITY = YES_AGGRESSIVE;
				CLANG_WARN_UNREACHABLE_CODE = YES;
				CLANG_WARN__DUPLICATE_METHOD_MATCH = YES;
				COPY_PHASE_STRIP = NO;
				DEBUG_INFORMATION_FORMAT = dwarf;
				ENABLE_STRICT_OBJC_MSGSEND = YES;
				ENABLE_TESTABILITY = YES;
				GCC_C_LANGUAGE_STANDARD = gnu11;
				GCC_DYNAMIC_NO_PIC = NO;
				GCC_NO_COMMON_BLOCKS = YES;
				GCC_OPTIMIZATION_LEVEL = 0;
				GCC_PREPROCESSOR_DEFINITIONS = (
					"DEBUG=1",
					"$(inherited)",
				);
				GCC_WARN_64_TO_32_BIT_CONVERSION = YES;
				GCC_WARN_ABOUT_RETURN_TYPE = YES_ERROR;
				GCC_WARN_UNDECLARED_SELECTOR = YES;
				GCC_WARN_UNINITIALIZED_AUTOS = YES_AGGRESSIVE;
				GCC_WARN_UNUSED_FUNCTION = YES;
				GCC_WARN_UNUSED_VARIABLE = YES;
				IPHONEOS_DEPLOYMENT_TARGET = 15.5;
				MTL_ENABLE_DEBUG_INFO = INCLUDE_SOURCE;
				MTL_FAST_MATH = YES;
				ONLY_ACTIVE_ARCH = YES;
				SDKROOT = iphoneos;
				SWIFT_ACTIVE_COMPILATION_CONDITIONS = DEBUG;
				SWIFT_OPTIMIZATION_LEVEL = "-Onone";
			};
			name = Debug;
		};
		CB55AADF28E20C7800201806 /* Release */ = {
			isa = XCBuildConfiguration;
			buildSettings = {
				ALWAYS_SEARCH_USER_PATHS = NO;
				CLANG_ANALYZER_NONNULL = YES;
				CLANG_ANALYZER_NUMBER_OBJECT_CONVERSION = YES_AGGRESSIVE;
				CLANG_CXX_LANGUAGE_STANDARD = "gnu++17";
				CLANG_ENABLE_MODULES = YES;
				CLANG_ENABLE_OBJC_ARC = YES;
				CLANG_ENABLE_OBJC_WEAK = YES;
				CLANG_WARN_BLOCK_CAPTURE_AUTORELEASING = YES;
				CLANG_WARN_BOOL_CONVERSION = YES;
				CLANG_WARN_COMMA = YES;
				CLANG_WARN_CONSTANT_CONVERSION = YES;
				CLANG_WARN_DEPRECATED_OBJC_IMPLEMENTATIONS = YES;
				CLANG_WARN_DIRECT_OBJC_ISA_USAGE = YES_ERROR;
				CLANG_WARN_DOCUMENTATION_COMMENTS = YES;
				CLANG_WARN_EMPTY_BODY = YES;
				CLANG_WARN_ENUM_CONVERSION = YES;
				CLANG_WARN_INFINITE_RECURSION = YES;
				CLANG_WARN_INT_CONVERSION = YES;
				CLANG_WARN_NON_LITERAL_NULL_CONVERSION = YES;
				CLANG_WARN_OBJC_IMPLICIT_RETAIN_SELF = YES;
				CLANG_WARN_OBJC_LITERAL_CONVERSION = YES;
				CLANG_WARN_OBJC_ROOT_CLASS = YES_ERROR;
				CLANG_WARN_QUOTED_INCLUDE_IN_FRAMEWORK_HEADER = YES;
				CLANG_WARN_RANGE_LOOP_ANALYSIS = YES;
				CLANG_WARN_STRICT_PROTOTYPES = YES;
				CLANG_WARN_SUSPICIOUS_MOVE = YES;
				CLANG_WARN_UNGUARDED_AVAILABILITY = YES_AGGRESSIVE;
				CLANG_WARN_UNREACHABLE_CODE = YES;
				CLANG_WARN__DUPLICATE_METHOD_MATCH = YES;
				COPY_PHASE_STRIP = NO;
				DEBUG_INFORMATION_FORMAT = "dwarf-with-dsym";
				ENABLE_NS_ASSERTIONS = NO;
				ENABLE_STRICT_OBJC_MSGSEND = YES;
				GCC_C_LANGUAGE_STANDARD = gnu11;
				GCC_NO_COMMON_BLOCKS = YES;
				GCC_WARN_64_TO_32_BIT_CONVERSION = YES;
				GCC_WARN_ABOUT_RETURN_TYPE = YES_ERROR;
				GCC_WARN_UNDECLARED_SELECTOR = YES;
				GCC_WARN_UNINITIALIZED_AUTOS = YES_AGGRESSIVE;
				GCC_WARN_UNUSED_FUNCTION = YES;
				GCC_WARN_UNUSED_VARIABLE = YES;
				IPHONEOS_DEPLOYMENT_TARGET = 15.5;
				MTL_ENABLE_DEBUG_INFO = NO;
				MTL_FAST_MATH = YES;
				SDKROOT = iphoneos;
				SWIFT_COMPILATION_MODE = wholemodule;
				SWIFT_OPTIMIZATION_LEVEL = "-O";
				VALIDATE_PRODUCT = YES;
			};
			name = Release;
		};
		CB55AAE128E20C7800201806 /* Debug */ = {
			isa = XCBuildConfiguration;
			buildSettings = {
				ASSETCATALOG_COMPILER_APPICON_NAME = AppIcon;
				ASSETCATALOG_COMPILER_GLOBAL_ACCENT_COLOR_NAME = AccentColor;
				CODE_SIGN_STYLE = Automatic;
				CURRENT_PROJECT_VERSION = 1;
				DEVELOPMENT_TEAM = HC4AF3MHJ6;
				GENERATE_INFOPLIST_FILE = YES;
				INFOPLIST_FILE = Chess/Info.plist;
				INFOPLIST_KEY_UIApplicationSupportsIndirectInputEvents = YES;
				INFOPLIST_KEY_UILaunchStoryboardName = LaunchScreen;
				INFOPLIST_KEY_UISupportedInterfaceOrientations_iPad = "UIInterfaceOrientationPortrait UIInterfaceOrientationPortraitUpsideDown UIInterfaceOrientationLandscapeLeft UIInterfaceOrientationLandscapeRight";
				INFOPLIST_KEY_UISupportedInterfaceOrientations_iPhone = "UIInterfaceOrientationPortrait UIInterfaceOrientationLandscapeLeft UIInterfaceOrientationLandscapeRight";
				LD_RUNPATH_SEARCH_PATHS = (
					"$(inherited)",
					"@executable_path/Frameworks",
				);
				MARKETING_VERSION = 1.0;
				PRODUCT_BUNDLE_IDENTIFIER = inddoni.Chess;
				PRODUCT_NAME = "$(TARGET_NAME)";
				SWIFT_EMIT_LOC_STRINGS = YES;
				SWIFT_VERSION = 5.0;
				TARGETED_DEVICE_FAMILY = "1,2";
			};
			name = Debug;
		};
		CB55AAE228E20C7800201806 /* Release */ = {
			isa = XCBuildConfiguration;
			buildSettings = {
				ASSETCATALOG_COMPILER_APPICON_NAME = AppIcon;
				ASSETCATALOG_COMPILER_GLOBAL_ACCENT_COLOR_NAME = AccentColor;
				CODE_SIGN_STYLE = Automatic;
				CURRENT_PROJECT_VERSION = 1;
				DEVELOPMENT_TEAM = HC4AF3MHJ6;
				GENERATE_INFOPLIST_FILE = YES;
				INFOPLIST_FILE = Chess/Info.plist;
				INFOPLIST_KEY_UIApplicationSupportsIndirectInputEvents = YES;
				INFOPLIST_KEY_UILaunchStoryboardName = LaunchScreen;
				INFOPLIST_KEY_UISupportedInterfaceOrientations_iPad = "UIInterfaceOrientationPortrait UIInterfaceOrientationPortraitUpsideDown UIInterfaceOrientationLandscapeLeft UIInterfaceOrientationLandscapeRight";
				INFOPLIST_KEY_UISupportedInterfaceOrientations_iPhone = "UIInterfaceOrientationPortrait UIInterfaceOrientationLandscapeLeft UIInterfaceOrientationLandscapeRight";
				LD_RUNPATH_SEARCH_PATHS = (
					"$(inherited)",
					"@executable_path/Frameworks",
				);
				MARKETING_VERSION = 1.0;
				PRODUCT_BUNDLE_IDENTIFIER = inddoni.Chess;
				PRODUCT_NAME = "$(TARGET_NAME)";
				SWIFT_EMIT_LOC_STRINGS = YES;
				SWIFT_VERSION = 5.0;
				TARGETED_DEVICE_FAMILY = "1,2";
			};
			name = Release;
		};
		CB55AAE428E20C7800201806 /* Debug */ = {
			isa = XCBuildConfiguration;
			buildSettings = {
				ALWAYS_EMBED_SWIFT_STANDARD_LIBRARIES = YES;
				BUNDLE_LOADER = "$(TEST_HOST)";
				CODE_SIGN_STYLE = Automatic;
				CURRENT_PROJECT_VERSION = 1;
				DEVELOPMENT_TEAM = HC4AF3MHJ6;
				GENERATE_INFOPLIST_FILE = YES;
				IPHONEOS_DEPLOYMENT_TARGET = 15.5;
				MARKETING_VERSION = 1.0;
				PRODUCT_BUNDLE_IDENTIFIER = inddoni.ChessTests;
				PRODUCT_NAME = "$(TARGET_NAME)";
				SWIFT_EMIT_LOC_STRINGS = NO;
				SWIFT_VERSION = 5.0;
				TARGETED_DEVICE_FAMILY = "1,2";
				TEST_HOST = "$(BUILT_PRODUCTS_DIR)/Chess.app/Chess";
			};
			name = Debug;
		};
		CB55AAE528E20C7800201806 /* Release */ = {
			isa = XCBuildConfiguration;
			buildSettings = {
				ALWAYS_EMBED_SWIFT_STANDARD_LIBRARIES = YES;
				BUNDLE_LOADER = "$(TEST_HOST)";
				CODE_SIGN_STYLE = Automatic;
				CURRENT_PROJECT_VERSION = 1;
				DEVELOPMENT_TEAM = HC4AF3MHJ6;
				GENERATE_INFOPLIST_FILE = YES;
				IPHONEOS_DEPLOYMENT_TARGET = 15.5;
				MARKETING_VERSION = 1.0;
				PRODUCT_BUNDLE_IDENTIFIER = inddoni.ChessTests;
				PRODUCT_NAME = "$(TARGET_NAME)";
				SWIFT_EMIT_LOC_STRINGS = NO;
				SWIFT_VERSION = 5.0;
				TARGETED_DEVICE_FAMILY = "1,2";
				TEST_HOST = "$(BUILT_PRODUCTS_DIR)/Chess.app/Chess";
			};
			name = Release;
		};
		CB55AAE728E20C7800201806 /* Debug */ = {
			isa = XCBuildConfiguration;
			buildSettings = {
				ALWAYS_EMBED_SWIFT_STANDARD_LIBRARIES = YES;
				CODE_SIGN_STYLE = Automatic;
				CURRENT_PROJECT_VERSION = 1;
				DEVELOPMENT_TEAM = HC4AF3MHJ6;
				GENERATE_INFOPLIST_FILE = YES;
				MARKETING_VERSION = 1.0;
				PRODUCT_BUNDLE_IDENTIFIER = inddoni.ChessUITests;
				PRODUCT_NAME = "$(TARGET_NAME)";
				SWIFT_EMIT_LOC_STRINGS = NO;
				SWIFT_VERSION = 5.0;
				TARGETED_DEVICE_FAMILY = "1,2";
				TEST_TARGET_NAME = Chess;
			};
			name = Debug;
		};
		CB55AAE828E20C7800201806 /* Release */ = {
			isa = XCBuildConfiguration;
			buildSettings = {
				ALWAYS_EMBED_SWIFT_STANDARD_LIBRARIES = YES;
				CODE_SIGN_STYLE = Automatic;
				CURRENT_PROJECT_VERSION = 1;
				DEVELOPMENT_TEAM = HC4AF3MHJ6;
				GENERATE_INFOPLIST_FILE = YES;
				MARKETING_VERSION = 1.0;
				PRODUCT_BUNDLE_IDENTIFIER = inddoni.ChessUITests;
				PRODUCT_NAME = "$(TARGET_NAME)";
				SWIFT_EMIT_LOC_STRINGS = NO;
				SWIFT_VERSION = 5.0;
				TARGETED_DEVICE_FAMILY = "1,2";
				TEST_TARGET_NAME = Chess;
			};
			name = Release;
		};
/* End XCBuildConfiguration section */

/* Begin XCConfigurationList section */
		CB55AAB128E20C7700201806 /* Build configuration list for PBXProject "Chess" */ = {
			isa = XCConfigurationList;
			buildConfigurations = (
				CB55AADE28E20C7800201806 /* Debug */,
				CB55AADF28E20C7800201806 /* Release */,
			);
			defaultConfigurationIsVisible = 0;
			defaultConfigurationName = Release;
		};
		CB55AAE028E20C7800201806 /* Build configuration list for PBXNativeTarget "Chess" */ = {
			isa = XCConfigurationList;
			buildConfigurations = (
				CB55AAE128E20C7800201806 /* Debug */,
				CB55AAE228E20C7800201806 /* Release */,
			);
			defaultConfigurationIsVisible = 0;
			defaultConfigurationName = Release;
		};
		CB55AAE328E20C7800201806 /* Build configuration list for PBXNativeTarget "ChessTests" */ = {
			isa = XCConfigurationList;
			buildConfigurations = (
				CB55AAE428E20C7800201806 /* Debug */,
				CB55AAE528E20C7800201806 /* Release */,
			);
			defaultConfigurationIsVisible = 0;
			defaultConfigurationName = Release;
		};
		CB55AAE628E20C7800201806 /* Build configuration list for PBXNativeTarget "ChessUITests" */ = {
			isa = XCConfigurationList;
			buildConfigurations = (
				CB55AAE728E20C7800201806 /* Debug */,
				CB55AAE828E20C7800201806 /* Release */,
			);
			defaultConfigurationIsVisible = 0;
			defaultConfigurationName = Release;
		};
/* End XCConfigurationList section */
	};
	rootObject = CB55AAAE28E20C7700201806 /* Project object */;
}
