// !$*UTF8*$!
{
	archiveVersion = 1;
	classes = {
	};
	objectVersion = 56;
	objects = {

/* Begin PBXBuildFile section */
		2EA90A4828E2FA8A008A2491 /* AppDelegate.swift in Sources */ = {isa = PBXBuildFile; fileRef = 2EA90A4728E2FA8A008A2491 /* AppDelegate.swift */; };
		2EA90A4A28E2FA8A008A2491 /* SceneDelegate.swift in Sources */ = {isa = PBXBuildFile; fileRef = 2EA90A4928E2FA8A008A2491 /* SceneDelegate.swift */; };
		2EA90A4C28E2FA8A008A2491 /* ViewController.swift in Sources */ = {isa = PBXBuildFile; fileRef = 2EA90A4B28E2FA8A008A2491 /* ViewController.swift */; };
		2EA90A4F28E2FA8A008A2491 /* Main.storyboard in Resources */ = {isa = PBXBuildFile; fileRef = 2EA90A4D28E2FA8A008A2491 /* Main.storyboard */; };
		2EA90A5128E2FA8B008A2491 /* Assets.xcassets in Resources */ = {isa = PBXBuildFile; fileRef = 2EA90A5028E2FA8B008A2491 /* Assets.xcassets */; };
		2EA90A5428E2FA8B008A2491 /* LaunchScreen.storyboard in Resources */ = {isa = PBXBuildFile; fileRef = 2EA90A5228E2FA8B008A2491 /* LaunchScreen.storyboard */; };
		2EA90A5F28E2FA8C008A2491 /* swift_chess_appTests.swift in Sources */ = {isa = PBXBuildFile; fileRef = 2EA90A5E28E2FA8C008A2491 /* swift_chess_appTests.swift */; };
		2EA90A6928E2FA8C008A2491 /* swift_chess_appUITests.swift in Sources */ = {isa = PBXBuildFile; fileRef = 2EA90A6828E2FA8C008A2491 /* swift_chess_appUITests.swift */; };
		2EA90A6B28E2FA8C008A2491 /* swift_chess_appUITestsLaunchTests.swift in Sources */ = {isa = PBXBuildFile; fileRef = 2EA90A6A28E2FA8C008A2491 /* swift_chess_appUITestsLaunchTests.swift */; };
		2EA90A7828E2FAE9008A2491 /* WhitePawnTest.swift in Sources */ = {isa = PBXBuildFile; fileRef = 2EA90A7728E2FAE9008A2491 /* WhitePawnTest.swift */; };
		2EA90A7A28E327E7008A2491 /* ChessPiece.swift in Sources */ = {isa = PBXBuildFile; fileRef = 2EA90A7928E327E7008A2491 /* ChessPiece.swift */; };
		2EA90A7C28E3289F008A2491 /* Location.swift in Sources */ = {isa = PBXBuildFile; fileRef = 2EA90A7B28E3289F008A2491 /* Location.swift */; };
		2EA90A7E28E32E40008A2491 /* ChessBoard.swift in Sources */ = {isa = PBXBuildFile; fileRef = 2EA90A7D28E32E40008A2491 /* ChessBoard.swift */; };
		2EA90A8228E33A71008A2491 /* BlackPawnTest.swift in Sources */ = {isa = PBXBuildFile; fileRef = 2EA90A8128E33A71008A2491 /* BlackPawnTest.swift */; };
		2EA90A8428E345C9008A2491 /* ChessBoardDisplay.swift in Sources */ = {isa = PBXBuildFile; fileRef = 2EA90A8328E345C9008A2491 /* ChessBoardDisplay.swift */; };
		2EA90A8628E348E9008A2491 /* ChessPieceFactory.swift in Sources */ = {isa = PBXBuildFile; fileRef = 2EA90A8528E348E9008A2491 /* ChessPieceFactory.swift */; };
		2EA90A8828E34981008A2491 /* InputView.swift in Sources */ = {isa = PBXBuildFile; fileRef = 2EA90A8728E34981008A2491 /* InputView.swift */; };
/* End PBXBuildFile section */

/* Begin PBXContainerItemProxy section */
		2EA90A5B28E2FA8C008A2491 /* PBXContainerItemProxy */ = {
			isa = PBXContainerItemProxy;
			containerPortal = 2EA90A3C28E2FA8A008A2491 /* Project object */;
			proxyType = 1;
			remoteGlobalIDString = 2EA90A4328E2FA8A008A2491;
			remoteInfo = "swift-chess-app";
		};
		2EA90A6528E2FA8C008A2491 /* PBXContainerItemProxy */ = {
			isa = PBXContainerItemProxy;
			containerPortal = 2EA90A3C28E2FA8A008A2491 /* Project object */;
			proxyType = 1;
			remoteGlobalIDString = 2EA90A4328E2FA8A008A2491;
			remoteInfo = "swift-chess-app";
		};
/* End PBXContainerItemProxy section */

/* Begin PBXFileReference section */
		2EA90A4428E2FA8A008A2491 /* swift-chess-app.app */ = {isa = PBXFileReference; explicitFileType = wrapper.application; includeInIndex = 0; path = "swift-chess-app.app"; sourceTree = BUILT_PRODUCTS_DIR; };
		2EA90A4728E2FA8A008A2491 /* AppDelegate.swift */ = {isa = PBXFileReference; lastKnownFileType = sourcecode.swift; path = AppDelegate.swift; sourceTree = "<group>"; };
		2EA90A4928E2FA8A008A2491 /* SceneDelegate.swift */ = {isa = PBXFileReference; lastKnownFileType = sourcecode.swift; path = SceneDelegate.swift; sourceTree = "<group>"; };
		2EA90A4B28E2FA8A008A2491 /* ViewController.swift */ = {isa = PBXFileReference; lastKnownFileType = sourcecode.swift; path = ViewController.swift; sourceTree = "<group>"; };
		2EA90A4E28E2FA8A008A2491 /* Base */ = {isa = PBXFileReference; lastKnownFileType = file.storyboard; name = Base; path = Base.lproj/Main.storyboard; sourceTree = "<group>"; };
		2EA90A5028E2FA8B008A2491 /* Assets.xcassets */ = {isa = PBXFileReference; lastKnownFileType = folder.assetcatalog; path = Assets.xcassets; sourceTree = "<group>"; };
		2EA90A5328E2FA8B008A2491 /* Base */ = {isa = PBXFileReference; lastKnownFileType = file.storyboard; name = Base; path = Base.lproj/LaunchScreen.storyboard; sourceTree = "<group>"; };
		2EA90A5528E2FA8B008A2491 /* Info.plist */ = {isa = PBXFileReference; lastKnownFileType = text.plist.xml; path = Info.plist; sourceTree = "<group>"; };
		2EA90A5A28E2FA8C008A2491 /* swift-chess-appTests.xctest */ = {isa = PBXFileReference; explicitFileType = wrapper.cfbundle; includeInIndex = 0; path = "swift-chess-appTests.xctest"; sourceTree = BUILT_PRODUCTS_DIR; };
		2EA90A5E28E2FA8C008A2491 /* swift_chess_appTests.swift */ = {isa = PBXFileReference; lastKnownFileType = sourcecode.swift; path = swift_chess_appTests.swift; sourceTree = "<group>"; };
		2EA90A6428E2FA8C008A2491 /* swift-chess-appUITests.xctest */ = {isa = PBXFileReference; explicitFileType = wrapper.cfbundle; includeInIndex = 0; path = "swift-chess-appUITests.xctest"; sourceTree = BUILT_PRODUCTS_DIR; };
		2EA90A6828E2FA8C008A2491 /* swift_chess_appUITests.swift */ = {isa = PBXFileReference; lastKnownFileType = sourcecode.swift; path = swift_chess_appUITests.swift; sourceTree = "<group>"; };
		2EA90A6A28E2FA8C008A2491 /* swift_chess_appUITestsLaunchTests.swift */ = {isa = PBXFileReference; lastKnownFileType = sourcecode.swift; path = swift_chess_appUITestsLaunchTests.swift; sourceTree = "<group>"; };
		2EA90A7728E2FAE9008A2491 /* WhitePawnTest.swift */ = {isa = PBXFileReference; lastKnownFileType = sourcecode.swift; path = WhitePawnTest.swift; sourceTree = "<group>"; };
		2EA90A7928E327E7008A2491 /* ChessPiece.swift */ = {isa = PBXFileReference; lastKnownFileType = sourcecode.swift; path = ChessPiece.swift; sourceTree = "<group>"; };
		2EA90A7B28E3289F008A2491 /* Location.swift */ = {isa = PBXFileReference; lastKnownFileType = sourcecode.swift; path = Location.swift; sourceTree = "<group>"; };
		2EA90A7D28E32E40008A2491 /* ChessBoard.swift */ = {isa = PBXFileReference; lastKnownFileType = sourcecode.swift; path = ChessBoard.swift; sourceTree = "<group>"; };
		2EA90A8128E33A71008A2491 /* BlackPawnTest.swift */ = {isa = PBXFileReference; lastKnownFileType = sourcecode.swift; path = BlackPawnTest.swift; sourceTree = "<group>"; };
		2EA90A8328E345C9008A2491 /* ChessBoardDisplay.swift */ = {isa = PBXFileReference; lastKnownFileType = sourcecode.swift; path = ChessBoardDisplay.swift; sourceTree = "<group>"; };
		2EA90A8528E348E9008A2491 /* ChessPieceFactory.swift */ = {isa = PBXFileReference; lastKnownFileType = sourcecode.swift; path = ChessPieceFactory.swift; sourceTree = "<group>"; };
		2EA90A8728E34981008A2491 /* InputView.swift */ = {isa = PBXFileReference; lastKnownFileType = sourcecode.swift; path = InputView.swift; sourceTree = "<group>"; };
/* End PBXFileReference section */

/* Begin PBXFrameworksBuildPhase section */
		2EA90A4128E2FA8A008A2491 /* Frameworks */ = {
			isa = PBXFrameworksBuildPhase;
			buildActionMask = 2147483647;
			files = (
			);
			runOnlyForDeploymentPostprocessing = 0;
		};
		2EA90A5728E2FA8C008A2491 /* Frameworks */ = {
			isa = PBXFrameworksBuildPhase;
			buildActionMask = 2147483647;
			files = (
			);
			runOnlyForDeploymentPostprocessing = 0;
		};
		2EA90A6128E2FA8C008A2491 /* Frameworks */ = {
			isa = PBXFrameworksBuildPhase;
			buildActionMask = 2147483647;
			files = (
			);
			runOnlyForDeploymentPostprocessing = 0;
		};
/* End PBXFrameworksBuildPhase section */

/* Begin PBXGroup section */
		2EA90A3B28E2FA8A008A2491 = {
			isa = PBXGroup;
			children = (
				2EA90A4628E2FA8A008A2491 /* swift-chess-app */,
				2EA90A5D28E2FA8C008A2491 /* swift-chess-appTests */,
				2EA90A6728E2FA8C008A2491 /* swift-chess-appUITests */,
				2EA90A4528E2FA8A008A2491 /* Products */,
			);
			sourceTree = "<group>";
		};
		2EA90A4528E2FA8A008A2491 /* Products */ = {
			isa = PBXGroup;
			children = (
				2EA90A4428E2FA8A008A2491 /* swift-chess-app.app */,
				2EA90A5A28E2FA8C008A2491 /* swift-chess-appTests.xctest */,
				2EA90A6428E2FA8C008A2491 /* swift-chess-appUITests.xctest */,
			);
			name = Products;
			sourceTree = "<group>";
		};
		2EA90A4628E2FA8A008A2491 /* swift-chess-app */ = {
			isa = PBXGroup;
			children = (
				2EA90A4728E2FA8A008A2491 /* AppDelegate.swift */,
				2EA90A4928E2FA8A008A2491 /* SceneDelegate.swift */,
				2EA90A4B28E2FA8A008A2491 /* ViewController.swift */,
				2EA90A4D28E2FA8A008A2491 /* Main.storyboard */,
				2EA90A5028E2FA8B008A2491 /* Assets.xcassets */,
				2EA90A5228E2FA8B008A2491 /* LaunchScreen.storyboard */,
				2EA90A5528E2FA8B008A2491 /* Info.plist */,
				2EA90A7928E327E7008A2491 /* ChessPiece.swift */,
				2EA90A7B28E3289F008A2491 /* Location.swift */,
				2EA90A7D28E32E40008A2491 /* ChessBoard.swift */,
				2EA90A8328E345C9008A2491 /* ChessBoardDisplay.swift */,
				2EA90A8528E348E9008A2491 /* ChessPieceFactory.swift */,
				2EA90A8728E34981008A2491 /* InputView.swift */,
			);
			path = "swift-chess-app";
			sourceTree = "<group>";
		};
		2EA90A5D28E2FA8C008A2491 /* swift-chess-appTests */ = {
			isa = PBXGroup;
			children = (
				2EA90A8128E33A71008A2491 /* BlackPawnTest.swift */,
				2EA90A7728E2FAE9008A2491 /* WhitePawnTest.swift */,
				2EA90A5E28E2FA8C008A2491 /* swift_chess_appTests.swift */,
			);
			path = "swift-chess-appTests";
			sourceTree = "<group>";
		};
		2EA90A6728E2FA8C008A2491 /* swift-chess-appUITests */ = {
			isa = PBXGroup;
			children = (
				2EA90A6828E2FA8C008A2491 /* swift_chess_appUITests.swift */,
				2EA90A6A28E2FA8C008A2491 /* swift_chess_appUITestsLaunchTests.swift */,
			);
			path = "swift-chess-appUITests";
			sourceTree = "<group>";
		};
/* End PBXGroup section */

/* Begin PBXNativeTarget section */
		2EA90A4328E2FA8A008A2491 /* swift-chess-app */ = {
			isa = PBXNativeTarget;
			buildConfigurationList = 2EA90A6E28E2FA8C008A2491 /* Build configuration list for PBXNativeTarget "swift-chess-app" */;
			buildPhases = (
				2EA90A4028E2FA8A008A2491 /* Sources */,
				2EA90A4128E2FA8A008A2491 /* Frameworks */,
				2EA90A4228E2FA8A008A2491 /* Resources */,
			);
			buildRules = (
			);
			dependencies = (
			);
			name = "swift-chess-app";
			productName = "swift-chess-app";
			productReference = 2EA90A4428E2FA8A008A2491 /* swift-chess-app.app */;
			productType = "com.apple.product-type.application";
		};
		2EA90A5928E2FA8C008A2491 /* swift-chess-appTests */ = {
			isa = PBXNativeTarget;
			buildConfigurationList = 2EA90A7128E2FA8C008A2491 /* Build configuration list for PBXNativeTarget "swift-chess-appTests" */;
			buildPhases = (
				2EA90A5628E2FA8C008A2491 /* Sources */,
				2EA90A5728E2FA8C008A2491 /* Frameworks */,
				2EA90A5828E2FA8C008A2491 /* Resources */,
			);
			buildRules = (
			);
			dependencies = (
				2EA90A5C28E2FA8C008A2491 /* PBXTargetDependency */,
			);
			name = "swift-chess-appTests";
			productName = "swift-chess-appTests";
			productReference = 2EA90A5A28E2FA8C008A2491 /* swift-chess-appTests.xctest */;
			productType = "com.apple.product-type.bundle.unit-test";
		};
		2EA90A6328E2FA8C008A2491 /* swift-chess-appUITests */ = {
			isa = PBXNativeTarget;
			buildConfigurationList = 2EA90A7428E2FA8C008A2491 /* Build configuration list for PBXNativeTarget "swift-chess-appUITests" */;
			buildPhases = (
				2EA90A6028E2FA8C008A2491 /* Sources */,
				2EA90A6128E2FA8C008A2491 /* Frameworks */,
				2EA90A6228E2FA8C008A2491 /* Resources */,
			);
			buildRules = (
			);
			dependencies = (
				2EA90A6628E2FA8C008A2491 /* PBXTargetDependency */,
			);
			name = "swift-chess-appUITests";
			productName = "swift-chess-appUITests";
			productReference = 2EA90A6428E2FA8C008A2491 /* swift-chess-appUITests.xctest */;
			productType = "com.apple.product-type.bundle.ui-testing";
		};
/* End PBXNativeTarget section */

/* Begin PBXProject section */
		2EA90A3C28E2FA8A008A2491 /* Project object */ = {
			isa = PBXProject;
			attributes = {
				BuildIndependentTargetsInParallel = 1;
				LastSwiftUpdateCheck = 1400;
				LastUpgradeCheck = 1400;
				TargetAttributes = {
					2EA90A4328E2FA8A008A2491 = {
						CreatedOnToolsVersion = 14.0;
					};
					2EA90A5928E2FA8C008A2491 = {
						CreatedOnToolsVersion = 14.0;
						TestTargetID = 2EA90A4328E2FA8A008A2491;
					};
					2EA90A6328E2FA8C008A2491 = {
						CreatedOnToolsVersion = 14.0;
						TestTargetID = 2EA90A4328E2FA8A008A2491;
					};
				};
			};
			buildConfigurationList = 2EA90A3F28E2FA8A008A2491 /* Build configuration list for PBXProject "swift-chess-app" */;
			compatibilityVersion = "Xcode 14.0";
			developmentRegion = en;
			hasScannedForEncodings = 0;
			knownRegions = (
				en,
				Base,
			);
			mainGroup = 2EA90A3B28E2FA8A008A2491;
			productRefGroup = 2EA90A4528E2FA8A008A2491 /* Products */;
			projectDirPath = "";
			projectRoot = "";
			targets = (
				2EA90A4328E2FA8A008A2491 /* swift-chess-app */,
				2EA90A5928E2FA8C008A2491 /* swift-chess-appTests */,
				2EA90A6328E2FA8C008A2491 /* swift-chess-appUITests */,
			);
		};
/* End PBXProject section */

/* Begin PBXResourcesBuildPhase section */
		2EA90A4228E2FA8A008A2491 /* Resources */ = {
			isa = PBXResourcesBuildPhase;
			buildActionMask = 2147483647;
			files = (
				2EA90A5428E2FA8B008A2491 /* LaunchScreen.storyboard in Resources */,
				2EA90A5128E2FA8B008A2491 /* Assets.xcassets in Resources */,
				2EA90A4F28E2FA8A008A2491 /* Main.storyboard in Resources */,
			);
			runOnlyForDeploymentPostprocessing = 0;
		};
		2EA90A5828E2FA8C008A2491 /* Resources */ = {
			isa = PBXResourcesBuildPhase;
			buildActionMask = 2147483647;
			files = (
			);
			runOnlyForDeploymentPostprocessing = 0;
		};
		2EA90A6228E2FA8C008A2491 /* Resources */ = {
			isa = PBXResourcesBuildPhase;
			buildActionMask = 2147483647;
			files = (
			);
			runOnlyForDeploymentPostprocessing = 0;
		};
/* End PBXResourcesBuildPhase section */

/* Begin PBXSourcesBuildPhase section */
		2EA90A4028E2FA8A008A2491 /* Sources */ = {
			isa = PBXSourcesBuildPhase;
			buildActionMask = 2147483647;
			files = (
				2EA90A4C28E2FA8A008A2491 /* ViewController.swift in Sources */,
				2EA90A4828E2FA8A008A2491 /* AppDelegate.swift in Sources */,
				2EA90A8428E345C9008A2491 /* ChessBoardDisplay.swift in Sources */,
				2EA90A7C28E3289F008A2491 /* Location.swift in Sources */,
				2EA90A4A28E2FA8A008A2491 /* SceneDelegate.swift in Sources */,
				2EA90A7A28E327E7008A2491 /* ChessPiece.swift in Sources */,
				2EA90A8828E34981008A2491 /* InputView.swift in Sources */,
				2EA90A8628E348E9008A2491 /* ChessPieceFactory.swift in Sources */,
				2EA90A7E28E32E40008A2491 /* ChessBoard.swift in Sources */,
			);
			runOnlyForDeploymentPostprocessing = 0;
		};
		2EA90A5628E2FA8C008A2491 /* Sources */ = {
			isa = PBXSourcesBuildPhase;
			buildActionMask = 2147483647;
			files = (
				2EA90A8228E33A71008A2491 /* BlackPawnTest.swift in Sources */,
				2EA90A5F28E2FA8C008A2491 /* swift_chess_appTests.swift in Sources */,
				2EA90A7828E2FAE9008A2491 /* WhitePawnTest.swift in Sources */,
			);
			runOnlyForDeploymentPostprocessing = 0;
		};
		2EA90A6028E2FA8C008A2491 /* Sources */ = {
			isa = PBXSourcesBuildPhase;
			buildActionMask = 2147483647;
			files = (
				2EA90A6928E2FA8C008A2491 /* swift_chess_appUITests.swift in Sources */,
				2EA90A6B28E2FA8C008A2491 /* swift_chess_appUITestsLaunchTests.swift in Sources */,
			);
			runOnlyForDeploymentPostprocessing = 0;
		};
/* End PBXSourcesBuildPhase section */

/* Begin PBXTargetDependency section */
		2EA90A5C28E2FA8C008A2491 /* PBXTargetDependency */ = {
			isa = PBXTargetDependency;
			target = 2EA90A4328E2FA8A008A2491 /* swift-chess-app */;
			targetProxy = 2EA90A5B28E2FA8C008A2491 /* PBXContainerItemProxy */;
		};
		2EA90A6628E2FA8C008A2491 /* PBXTargetDependency */ = {
			isa = PBXTargetDependency;
			target = 2EA90A4328E2FA8A008A2491 /* swift-chess-app */;
			targetProxy = 2EA90A6528E2FA8C008A2491 /* PBXContainerItemProxy */;
		};
/* End PBXTargetDependency section */

/* Begin PBXVariantGroup section */
		2EA90A4D28E2FA8A008A2491 /* Main.storyboard */ = {
			isa = PBXVariantGroup;
			children = (
				2EA90A4E28E2FA8A008A2491 /* Base */,
			);
			name = Main.storyboard;
			sourceTree = "<group>";
		};
		2EA90A5228E2FA8B008A2491 /* LaunchScreen.storyboard */ = {
			isa = PBXVariantGroup;
			children = (
				2EA90A5328E2FA8B008A2491 /* Base */,
			);
			name = LaunchScreen.storyboard;
			sourceTree = "<group>";
		};
/* End PBXVariantGroup section */

/* Begin XCBuildConfiguration section */
		2EA90A6C28E2FA8C008A2491 /* Debug */ = {
			isa = XCBuildConfiguration;
			buildSettings = {
				ALWAYS_SEARCH_USER_PATHS = NO;
				CLANG_ANALYZER_NONNULL = YES;
				CLANG_ANALYZER_NUMBER_OBJECT_CONVERSION = YES_AGGRESSIVE;
				CLANG_CXX_LANGUAGE_STANDARD = "gnu++20";
				CLANG_ENABLE_MODULES = YES;
				CLANG_ENABLE_OBJC_ARC = YES;
				CLANG_ENABLE_OBJC_WEAK = YES;
				CLANG_WARN_BLOCK_CAPTURE_AUTORELEASING = YES;
				CLANG_WARN_BOOL_CONVERSION = YES;
				CLANG_WARN_COMMA = YES;
				CLANG_WARN_CONSTANT_CONVERSION = YES;
				CLANG_WARN_DEPRECATED_OBJC_IMPLEMENTATIONS = YES;
				CLANG_WARN_DIRECT_OBJC_ISA_USAGE = YES_ERROR;
				CLANG_WARN_DOCUMENTATION_COMMENTS = YES;
				CLANG_WARN_EMPTY_BODY = YES;
				CLANG_WARN_ENUM_CONVERSION = YES;
				CLANG_WARN_INFINITE_RECURSION = YES;
				CLANG_WARN_INT_CONVERSION = YES;
				CLANG_WARN_NON_LITERAL_NULL_CONVERSION = YES;
				CLANG_WARN_OBJC_IMPLICIT_RETAIN_SELF = YES;
				CLANG_WARN_OBJC_LITERAL_CONVERSION = YES;
				CLANG_WARN_OBJC_ROOT_CLASS = YES_ERROR;
				CLANG_WARN_QUOTED_INCLUDE_IN_FRAMEWORK_HEADER = YES;
				CLANG_WARN_RANGE_LOOP_ANALYSIS = YES;
				CLANG_WARN_STRICT_PROTOTYPES = YES;
				CLANG_WARN_SUSPICIOUS_MOVE = YES;
				CLANG_WARN_UNGUARDED_AVAILABILITY = YES_AGGRESSIVE;
				CLANG_WARN_UNREACHABLE_CODE = YES;
				CLANG_WARN__DUPLICATE_METHOD_MATCH = YES;
				COPY_PHASE_STRIP = NO;
				DEBUG_INFORMATION_FORMAT = dwarf;
				ENABLE_STRICT_OBJC_MSGSEND = YES;
				ENABLE_TESTABILITY = YES;
				GCC_C_LANGUAGE_STANDARD = gnu11;
				GCC_DYNAMIC_NO_PIC = NO;
				GCC_NO_COMMON_BLOCKS = YES;
				GCC_OPTIMIZATION_LEVEL = 0;
				GCC_PREPROCESSOR_DEFINITIONS = (
					"DEBUG=1",
					"$(inherited)",
				);
				GCC_WARN_64_TO_32_BIT_CONVERSION = YES;
				GCC_WARN_ABOUT_RETURN_TYPE = YES_ERROR;
				GCC_WARN_UNDECLARED_SELECTOR = YES;
				GCC_WARN_UNINITIALIZED_AUTOS = YES_AGGRESSIVE;
				GCC_WARN_UNUSED_FUNCTION = YES;
				GCC_WARN_UNUSED_VARIABLE = YES;
				IPHONEOS_DEPLOYMENT_TARGET = 16.0;
				MTL_ENABLE_DEBUG_INFO = INCLUDE_SOURCE;
				MTL_FAST_MATH = YES;
				ONLY_ACTIVE_ARCH = YES;
				SDKROOT = iphoneos;
				SWIFT_ACTIVE_COMPILATION_CONDITIONS = DEBUG;
				SWIFT_OPTIMIZATION_LEVEL = "-Onone";
			};
			name = Debug;
		};
		2EA90A6D28E2FA8C008A2491 /* Release */ = {
			isa = XCBuildConfiguration;
			buildSettings = {
				ALWAYS_SEARCH_USER_PATHS = NO;
				CLANG_ANALYZER_NONNULL = YES;
				CLANG_ANALYZER_NUMBER_OBJECT_CONVERSION = YES_AGGRESSIVE;
				CLANG_CXX_LANGUAGE_STANDARD = "gnu++20";
				CLANG_ENABLE_MODULES = YES;
				CLANG_ENABLE_OBJC_ARC = YES;
				CLANG_ENABLE_OBJC_WEAK = YES;
				CLANG_WARN_BLOCK_CAPTURE_AUTORELEASING = YES;
				CLANG_WARN_BOOL_CONVERSION = YES;
				CLANG_WARN_COMMA = YES;
				CLANG_WARN_CONSTANT_CONVERSION = YES;
				CLANG_WARN_DEPRECATED_OBJC_IMPLEMENTATIONS = YES;
				CLANG_WARN_DIRECT_OBJC_ISA_USAGE = YES_ERROR;
				CLANG_WARN_DOCUMENTATION_COMMENTS = YES;
				CLANG_WARN_EMPTY_BODY = YES;
				CLANG_WARN_ENUM_CONVERSION = YES;
				CLANG_WARN_INFINITE_RECURSION = YES;
				CLANG_WARN_INT_CONVERSION = YES;
				CLANG_WARN_NON_LITERAL_NULL_CONVERSION = YES;
				CLANG_WARN_OBJC_IMPLICIT_RETAIN_SELF = YES;
				CLANG_WARN_OBJC_LITERAL_CONVERSION = YES;
				CLANG_WARN_OBJC_ROOT_CLASS = YES_ERROR;
				CLANG_WARN_QUOTED_INCLUDE_IN_FRAMEWORK_HEADER = YES;
				CLANG_WARN_RANGE_LOOP_ANALYSIS = YES;
				CLANG_WARN_STRICT_PROTOTYPES = YES;
				CLANG_WARN_SUSPICIOUS_MOVE = YES;
				CLANG_WARN_UNGUARDED_AVAILABILITY = YES_AGGRESSIVE;
				CLANG_WARN_UNREACHABLE_CODE = YES;
				CLANG_WARN__DUPLICATE_METHOD_MATCH = YES;
				COPY_PHASE_STRIP = NO;
				DEBUG_INFORMATION_FORMAT = "dwarf-with-dsym";
				ENABLE_NS_ASSERTIONS = NO;
				ENABLE_STRICT_OBJC_MSGSEND = YES;
				GCC_C_LANGUAGE_STANDARD = gnu11;
				GCC_NO_COMMON_BLOCKS = YES;
				GCC_WARN_64_TO_32_BIT_CONVERSION = YES;
				GCC_WARN_ABOUT_RETURN_TYPE = YES_ERROR;
				GCC_WARN_UNDECLARED_SELECTOR = YES;
				GCC_WARN_UNINITIALIZED_AUTOS = YES_AGGRESSIVE;
				GCC_WARN_UNUSED_FUNCTION = YES;
				GCC_WARN_UNUSED_VARIABLE = YES;
				IPHONEOS_DEPLOYMENT_TARGET = 16.0;
				MTL_ENABLE_DEBUG_INFO = NO;
				MTL_FAST_MATH = YES;
				SDKROOT = iphoneos;
				SWIFT_COMPILATION_MODE = wholemodule;
				SWIFT_OPTIMIZATION_LEVEL = "-O";
				VALIDATE_PRODUCT = YES;
			};
			name = Release;
		};
		2EA90A6F28E2FA8C008A2491 /* Debug */ = {
			isa = XCBuildConfiguration;
			buildSettings = {
				ASSETCATALOG_COMPILER_APPICON_NAME = AppIcon;
				ASSETCATALOG_COMPILER_GLOBAL_ACCENT_COLOR_NAME = AccentColor;
				CODE_SIGN_STYLE = Automatic;
				CURRENT_PROJECT_VERSION = 1;
				DEVELOPMENT_TEAM = G49TCMH6D2;
				GENERATE_INFOPLIST_FILE = YES;
				INFOPLIST_FILE = "swift-chess-app/Info.plist";
				INFOPLIST_KEY_UIApplicationSupportsIndirectInputEvents = YES;
				INFOPLIST_KEY_UILaunchStoryboardName = LaunchScreen;
				INFOPLIST_KEY_UIMainStoryboardFile = Main;
				INFOPLIST_KEY_UISupportedInterfaceOrientations_iPad = "UIInterfaceOrientationPortrait UIInterfaceOrientationPortraitUpsideDown UIInterfaceOrientationLandscapeLeft UIInterfaceOrientationLandscapeRight";
				INFOPLIST_KEY_UISupportedInterfaceOrientations_iPhone = "UIInterfaceOrientationPortrait UIInterfaceOrientationLandscapeLeft UIInterfaceOrientationLandscapeRight";
				LD_RUNPATH_SEARCH_PATHS = (
					"$(inherited)",
					"@executable_path/Frameworks",
				);
				MARKETING_VERSION = 1.0;
				PRODUCT_BUNDLE_IDENTIFIER = "com.roadtos7.ios.swift-chess-app";
				PRODUCT_NAME = "$(TARGET_NAME)";
				SWIFT_EMIT_LOC_STRINGS = YES;
				SWIFT_VERSION = 5.0;
				TARGETED_DEVICE_FAMILY = "1,2";
			};
			name = Debug;
		};
		2EA90A7028E2FA8C008A2491 /* Release */ = {
			isa = XCBuildConfiguration;
			buildSettings = {
				ASSETCATALOG_COMPILER_APPICON_NAME = AppIcon;
				ASSETCATALOG_COMPILER_GLOBAL_ACCENT_COLOR_NAME = AccentColor;
				CODE_SIGN_STYLE = Automatic;
				CURRENT_PROJECT_VERSION = 1;
				DEVELOPMENT_TEAM = G49TCMH6D2;
				GENERATE_INFOPLIST_FILE = YES;
				INFOPLIST_FILE = "swift-chess-app/Info.plist";
				INFOPLIST_KEY_UIApplicationSupportsIndirectInputEvents = YES;
				INFOPLIST_KEY_UILaunchStoryboardName = LaunchScreen;
				INFOPLIST_KEY_UIMainStoryboardFile = Main;
				INFOPLIST_KEY_UISupportedInterfaceOrientations_iPad = "UIInterfaceOrientationPortrait UIInterfaceOrientationPortraitUpsideDown UIInterfaceOrientationLandscapeLeft UIInterfaceOrientationLandscapeRight";
				INFOPLIST_KEY_UISupportedInterfaceOrientations_iPhone = "UIInterfaceOrientationPortrait UIInterfaceOrientationLandscapeLeft UIInterfaceOrientationLandscapeRight";
				LD_RUNPATH_SEARCH_PATHS = (
					"$(inherited)",
					"@executable_path/Frameworks",
				);
				MARKETING_VERSION = 1.0;
				PRODUCT_BUNDLE_IDENTIFIER = "com.roadtos7.ios.swift-chess-app";
				PRODUCT_NAME = "$(TARGET_NAME)";
				SWIFT_EMIT_LOC_STRINGS = YES;
				SWIFT_VERSION = 5.0;
				TARGETED_DEVICE_FAMILY = "1,2";
			};
			name = Release;
		};
		2EA90A7228E2FA8C008A2491 /* Debug */ = {
			isa = XCBuildConfiguration;
			buildSettings = {
				ALWAYS_EMBED_SWIFT_STANDARD_LIBRARIES = YES;
				BUNDLE_LOADER = "$(TEST_HOST)";
				CODE_SIGN_STYLE = Automatic;
				CURRENT_PROJECT_VERSION = 1;
				DEVELOPMENT_TEAM = G49TCMH6D2;
				GENERATE_INFOPLIST_FILE = YES;
				IPHONEOS_DEPLOYMENT_TARGET = 16.0;
				MARKETING_VERSION = 1.0;
				PRODUCT_BUNDLE_IDENTIFIER = "com.roadtos7.ios.swift-chess-appTests";
				PRODUCT_NAME = "$(TARGET_NAME)";
				SWIFT_EMIT_LOC_STRINGS = NO;
				SWIFT_VERSION = 5.0;
				TARGETED_DEVICE_FAMILY = "1,2";
				TEST_HOST = "$(BUILT_PRODUCTS_DIR)/swift-chess-app.app/$(BUNDLE_EXECUTABLE_FOLDER_PATH)/swift-chess-app";
			};
			name = Debug;
		};
		2EA90A7328E2FA8C008A2491 /* Release */ = {
			isa = XCBuildConfiguration;
			buildSettings = {
				ALWAYS_EMBED_SWIFT_STANDARD_LIBRARIES = YES;
				BUNDLE_LOADER = "$(TEST_HOST)";
				CODE_SIGN_STYLE = Automatic;
				CURRENT_PROJECT_VERSION = 1;
				DEVELOPMENT_TEAM = G49TCMH6D2;
				GENERATE_INFOPLIST_FILE = YES;
				IPHONEOS_DEPLOYMENT_TARGET = 16.0;
				MARKETING_VERSION = 1.0;
				PRODUCT_BUNDLE_IDENTIFIER = "com.roadtos7.ios.swift-chess-appTests";
				PRODUCT_NAME = "$(TARGET_NAME)";
				SWIFT_EMIT_LOC_STRINGS = NO;
				SWIFT_VERSION = 5.0;
				TARGETED_DEVICE_FAMILY = "1,2";
				TEST_HOST = "$(BUILT_PRODUCTS_DIR)/swift-chess-app.app/$(BUNDLE_EXECUTABLE_FOLDER_PATH)/swift-chess-app";
			};
			name = Release;
		};
		2EA90A7528E2FA8C008A2491 /* Debug */ = {
			isa = XCBuildConfiguration;
			buildSettings = {
				ALWAYS_EMBED_SWIFT_STANDARD_LIBRARIES = YES;
				CODE_SIGN_STYLE = Automatic;
				CURRENT_PROJECT_VERSION = 1;
				DEVELOPMENT_TEAM = G49TCMH6D2;
				GENERATE_INFOPLIST_FILE = YES;
				MARKETING_VERSION = 1.0;
				PRODUCT_BUNDLE_IDENTIFIER = "com.roadtos7.ios.swift-chess-appUITests";
				PRODUCT_NAME = "$(TARGET_NAME)";
				SWIFT_EMIT_LOC_STRINGS = NO;
				SWIFT_VERSION = 5.0;
				TARGETED_DEVICE_FAMILY = "1,2";
				TEST_TARGET_NAME = "swift-chess-app";
			};
			name = Debug;
		};
		2EA90A7628E2FA8C008A2491 /* Release */ = {
			isa = XCBuildConfiguration;
			buildSettings = {
				ALWAYS_EMBED_SWIFT_STANDARD_LIBRARIES = YES;
				CODE_SIGN_STYLE = Automatic;
				CURRENT_PROJECT_VERSION = 1;
				DEVELOPMENT_TEAM = G49TCMH6D2;
				GENERATE_INFOPLIST_FILE = YES;
				MARKETING_VERSION = 1.0;
				PRODUCT_BUNDLE_IDENTIFIER = "com.roadtos7.ios.swift-chess-appUITests";
				PRODUCT_NAME = "$(TARGET_NAME)";
				SWIFT_EMIT_LOC_STRINGS = NO;
				SWIFT_VERSION = 5.0;
				TARGETED_DEVICE_FAMILY = "1,2";
				TEST_TARGET_NAME = "swift-chess-app";
			};
			name = Release;
		};
/* End XCBuildConfiguration section */

/* Begin XCConfigurationList section */
		2EA90A3F28E2FA8A008A2491 /* Build configuration list for PBXProject "swift-chess-app" */ = {
			isa = XCConfigurationList;
			buildConfigurations = (
				2EA90A6C28E2FA8C008A2491 /* Debug */,
				2EA90A6D28E2FA8C008A2491 /* Release */,
			);
			defaultConfigurationIsVisible = 0;
			defaultConfigurationName = Release;
		};
		2EA90A6E28E2FA8C008A2491 /* Build configuration list for PBXNativeTarget "swift-chess-app" */ = {
			isa = XCConfigurationList;
			buildConfigurations = (
				2EA90A6F28E2FA8C008A2491 /* Debug */,
				2EA90A7028E2FA8C008A2491 /* Release */,
			);
			defaultConfigurationIsVisible = 0;
			defaultConfigurationName = Release;
		};
		2EA90A7128E2FA8C008A2491 /* Build configuration list for PBXNativeTarget "swift-chess-appTests" */ = {
			isa = XCConfigurationList;
			buildConfigurations = (
				2EA90A7228E2FA8C008A2491 /* Debug */,
				2EA90A7328E2FA8C008A2491 /* Release */,
			);
			defaultConfigurationIsVisible = 0;
			defaultConfigurationName = Release;
		};
		2EA90A7428E2FA8C008A2491 /* Build configuration list for PBXNativeTarget "swift-chess-appUITests" */ = {
			isa = XCConfigurationList;
			buildConfigurations = (
				2EA90A7528E2FA8C008A2491 /* Debug */,
				2EA90A7628E2FA8C008A2491 /* Release */,
			);
			defaultConfigurationIsVisible = 0;
			defaultConfigurationName = Release;
		};
/* End XCConfigurationList section */
	};
	rootObject = 2EA90A3C28E2FA8A008A2491 /* Project object */;
}
