// !$*UTF8*$!
{
	archiveVersion = 1;
	classes = {
	};
	objectVersion = 55;
	objects = {

/* Begin PBXBuildFile section */
		1C07679928F3F6E6000C1AF5 /* PieceInfo.swift in Sources */ = {isa = PBXBuildFile; fileRef = 1C07679828F3F6E6000C1AF5 /* PieceInfo.swift */; };
		1C07679B28F41A67000C1AF5 /* BoardCLIView.swift in Sources */ = {isa = PBXBuildFile; fileRef = 1C07679A28F41A67000C1AF5 /* BoardCLIView.swift */; };
		1C07679D28F4317C000C1AF5 /* BoardState.swift in Sources */ = {isa = PBXBuildFile; fileRef = 1C07679C28F4317C000C1AF5 /* BoardState.swift */; };
		1C0767A328F467C5000C1AF5 /* UserInfo.swift in Sources */ = {isa = PBXBuildFile; fileRef = 1C0767A228F467C5000C1AF5 /* UserInfo.swift */; };
		1C0767A528F48E47000C1AF5 /* King.swift in Sources */ = {isa = PBXBuildFile; fileRef = 1C0767A428F48E47000C1AF5 /* King.swift */; };
		1C4D900528E335030050EA58 /* RankTests.swift in Sources */ = {isa = PBXBuildFile; fileRef = 1C4D900428E335030050EA58 /* RankTests.swift */; };
		1C4D900728E336890050EA58 /* FileTests.swift in Sources */ = {isa = PBXBuildFile; fileRef = 1C4D900628E336890050EA58 /* FileTests.swift */; };
		1C60169C28F3DA0900EC395F /* ScoreManagable.swift in Sources */ = {isa = PBXBuildFile; fileRef = 1C60169B28F3DA0900EC395F /* ScoreManagable.swift */; };
		1C60169E28F3DBD900EC395F /* ScoreOptions.swift in Sources */ = {isa = PBXBuildFile; fileRef = 1C60169D28F3DBD900EC395F /* ScoreOptions.swift */; };
		1C6016A228F3E32200EC395F /* Color.swift in Sources */ = {isa = PBXBuildFile; fileRef = 1C6016A128F3E32200EC395F /* Color.swift */; };
		1C61BA0928E1903500C189C0 /* BoardCLIViewTests.swift in Sources */ = {isa = PBXBuildFile; fileRef = 1C61BA0828E1903500C189C0 /* BoardCLIViewTests.swift */; };
		1C715C4228E07D7A009FD474 /* InputManager.swift in Sources */ = {isa = PBXBuildFile; fileRef = 1C715C4128E07D7A009FD474 /* InputManager.swift */; };
		1C715C4428E07D85009FD474 /* ChessBrain.swift in Sources */ = {isa = PBXBuildFile; fileRef = 1C715C4328E07D85009FD474 /* ChessBrain.swift */; };
		1C715C4828E07D8F009FD474 /* Pawn.swift in Sources */ = {isa = PBXBuildFile; fileRef = 1C715C4728E07D8F009FD474 /* Pawn.swift */; };
		1C715C4A28E07D99009FD474 /* BoardViewable.swift in Sources */ = {isa = PBXBuildFile; fileRef = 1C715C4928E07D99009FD474 /* BoardViewable.swift */; };
		1C715C4C28E07DA3009FD474 /* BoardView.swift in Sources */ = {isa = PBXBuildFile; fileRef = 1C715C4B28E07DA3009FD474 /* BoardView.swift */; };
		1C715C5828E08888009FD474 /* UserInformable.swift in Sources */ = {isa = PBXBuildFile; fileRef = 1C715C5728E08888009FD474 /* UserInformable.swift */; };
		1C715C5A28E08A77009FD474 /* Board.swift in Sources */ = {isa = PBXBuildFile; fileRef = 1C715C5928E08A77009FD474 /* Board.swift */; };
		1C715C5C28E08AA8009FD474 /* ScoreManager.swift in Sources */ = {isa = PBXBuildFile; fileRef = 1C715C5B28E08AA8009FD474 /* ScoreManager.swift */; };
		1C715C5E28E08B91009FD474 /* Action.swift in Sources */ = {isa = PBXBuildFile; fileRef = 1C715C5D28E08B91009FD474 /* Action.swift */; };
		1C715C6028E08BEA009FD474 /* Point.swift in Sources */ = {isa = PBXBuildFile; fileRef = 1C715C5F28E08BEA009FD474 /* Point.swift */; };
		1C715C6228E08C06009FD474 /* Rank.swift in Sources */ = {isa = PBXBuildFile; fileRef = 1C715C6128E08C06009FD474 /* Rank.swift */; };
		1C715C6428E08C65009FD474 /* File.swift in Sources */ = {isa = PBXBuildFile; fileRef = 1C715C6328E08C65009FD474 /* File.swift */; };
		1C715C6A28E09BAE009FD474 /* User.swift in Sources */ = {isa = PBXBuildFile; fileRef = 1C715C6928E09BAE009FD474 /* User.swift */; };
		1C715C6E28E0BF8D009FD474 /* UserState.swift in Sources */ = {isa = PBXBuildFile; fileRef = 1C715C6D28E0BF8D009FD474 /* UserState.swift */; };
		1C715C7428E17F80009FD474 /* BoardTests.swift in Sources */ = {isa = PBXBuildFile; fileRef = 1C715C7328E17F80009FD474 /* BoardTests.swift */; };
		1CA7D20D28DF1F3A0049A308 /* AppDelegate.swift in Sources */ = {isa = PBXBuildFile; fileRef = 1CA7D20C28DF1F3A0049A308 /* AppDelegate.swift */; };
		1CA7D20F28DF1F3A0049A308 /* SceneDelegate.swift in Sources */ = {isa = PBXBuildFile; fileRef = 1CA7D20E28DF1F3A0049A308 /* SceneDelegate.swift */; };
		1CA7D21128DF1F3A0049A308 /* ChessViewController.swift in Sources */ = {isa = PBXBuildFile; fileRef = 1CA7D21028DF1F3A0049A308 /* ChessViewController.swift */; };
		1CA7D21428DF1F3A0049A308 /* Main.storyboard in Resources */ = {isa = PBXBuildFile; fileRef = 1CA7D21228DF1F3A0049A308 /* Main.storyboard */; };
		1CA7D21628DF1F3B0049A308 /* Assets.xcassets in Resources */ = {isa = PBXBuildFile; fileRef = 1CA7D21528DF1F3B0049A308 /* Assets.xcassets */; };
		1CA7D21928DF1F3B0049A308 /* LaunchScreen.storyboard in Resources */ = {isa = PBXBuildFile; fileRef = 1CA7D21728DF1F3B0049A308 /* LaunchScreen.storyboard */; };
		1CE777E328EC5F8A00DF33EE /* Array+Extensions.swift in Sources */ = {isa = PBXBuildFile; fileRef = 1CE777E228EC5F8A00DF33EE /* Array+Extensions.swift */; };
		1CE8F9C228E9CAF3007AAA9B /* Piece.swift in Sources */ = {isa = PBXBuildFile; fileRef = 1CE8F9C128E9CAF3007AAA9B /* Piece.swift */; };
		1CE8F9C428E9EF40007AAA9B /* Knight.swift in Sources */ = {isa = PBXBuildFile; fileRef = 1CE8F9C328E9EF40007AAA9B /* Knight.swift */; };
		1CE8F9C628E9EF50007AAA9B /* Rook.swift in Sources */ = {isa = PBXBuildFile; fileRef = 1CE8F9C528E9EF50007AAA9B /* Rook.swift */; };
		1CE8F9C828E9EF59007AAA9B /* Queen.swift in Sources */ = {isa = PBXBuildFile; fileRef = 1CE8F9C728E9EF59007AAA9B /* Queen.swift */; };
		1CE8F9CA28E9EF63007AAA9B /* Bishop.swift in Sources */ = {isa = PBXBuildFile; fileRef = 1CE8F9C928E9EF63007AAA9B /* Bishop.swift */; };
		1CE8F9CC28EA8295007AAA9B /* Direction.swift in Sources */ = {isa = PBXBuildFile; fileRef = 1CE8F9CB28EA8295007AAA9B /* Direction.swift */; };
		1CE8F9CE28EA84B9007AAA9B /* Tuple.swift in Sources */ = {isa = PBXBuildFile; fileRef = 1CE8F9CD28EA84B9007AAA9B /* Tuple.swift */; };
		1CE8F9D128EA9E67007AAA9B /* Global.swift in Sources */ = {isa = PBXBuildFile; fileRef = 1CE8F9D028EA9E67007AAA9B /* Global.swift */; };
		1CE8F9E328EB2683007AAA9B /* ChessError.swift in Sources */ = {isa = PBXBuildFile; fileRef = 1CE8F9E228EB2683007AAA9B /* ChessError.swift */; };
/* End PBXBuildFile section */

/* Begin PBXContainerItemProxy section */
		1CA7D22028DF1F3C0049A308 /* PBXContainerItemProxy */ = {
			isa = PBXContainerItemProxy;
			containerPortal = 1CA7D20128DF1F3A0049A308 /* Project object */;
			proxyType = 1;
			remoteGlobalIDString = 1CA7D20828DF1F3A0049A308;
			remoteInfo = "swift-chess-app";
		};
/* End PBXContainerItemProxy section */

/* Begin PBXFileReference section */
		1C07679828F3F6E6000C1AF5 /* PieceInfo.swift */ = {isa = PBXFileReference; lastKnownFileType = sourcecode.swift; path = PieceInfo.swift; sourceTree = "<group>"; };
		1C07679A28F41A67000C1AF5 /* BoardCLIView.swift */ = {isa = PBXFileReference; lastKnownFileType = sourcecode.swift; path = BoardCLIView.swift; sourceTree = "<group>"; };
		1C07679C28F4317C000C1AF5 /* BoardState.swift */ = {isa = PBXFileReference; lastKnownFileType = sourcecode.swift; path = BoardState.swift; sourceTree = "<group>"; };
		1C0767A228F467C5000C1AF5 /* UserInfo.swift */ = {isa = PBXFileReference; lastKnownFileType = sourcecode.swift; path = UserInfo.swift; sourceTree = "<group>"; };
		1C0767A428F48E47000C1AF5 /* King.swift */ = {isa = PBXFileReference; lastKnownFileType = sourcecode.swift; path = King.swift; sourceTree = "<group>"; };
		1C4D900428E335030050EA58 /* RankTests.swift */ = {isa = PBXFileReference; lastKnownFileType = sourcecode.swift; path = RankTests.swift; sourceTree = "<group>"; };
		1C4D900628E336890050EA58 /* FileTests.swift */ = {isa = PBXFileReference; lastKnownFileType = sourcecode.swift; path = FileTests.swift; sourceTree = "<group>"; };
		1C60169B28F3DA0900EC395F /* ScoreManagable.swift */ = {isa = PBXFileReference; lastKnownFileType = sourcecode.swift; path = ScoreManagable.swift; sourceTree = "<group>"; };
		1C60169D28F3DBD900EC395F /* ScoreOptions.swift */ = {isa = PBXFileReference; lastKnownFileType = sourcecode.swift; path = ScoreOptions.swift; sourceTree = "<group>"; };
		1C6016A128F3E32200EC395F /* Color.swift */ = {isa = PBXFileReference; lastKnownFileType = sourcecode.swift; path = Color.swift; sourceTree = "<group>"; };
		1C61BA0828E1903500C189C0 /* BoardCLIViewTests.swift */ = {isa = PBXFileReference; lastKnownFileType = sourcecode.swift; path = BoardCLIViewTests.swift; sourceTree = "<group>"; };
		1C715C4128E07D7A009FD474 /* InputManager.swift */ = {isa = PBXFileReference; lastKnownFileType = sourcecode.swift; path = InputManager.swift; sourceTree = "<group>"; };
		1C715C4328E07D85009FD474 /* ChessBrain.swift */ = {isa = PBXFileReference; lastKnownFileType = sourcecode.swift; path = ChessBrain.swift; sourceTree = "<group>"; };
		1C715C4728E07D8F009FD474 /* Pawn.swift */ = {isa = PBXFileReference; lastKnownFileType = sourcecode.swift; path = Pawn.swift; sourceTree = "<group>"; };
		1C715C4928E07D99009FD474 /* BoardViewable.swift */ = {isa = PBXFileReference; lastKnownFileType = sourcecode.swift; path = BoardViewable.swift; sourceTree = "<group>"; };
		1C715C4B28E07DA3009FD474 /* BoardView.swift */ = {isa = PBXFileReference; lastKnownFileType = sourcecode.swift; path = BoardView.swift; sourceTree = "<group>"; };
		1C715C5728E08888009FD474 /* UserInformable.swift */ = {isa = PBXFileReference; lastKnownFileType = sourcecode.swift; path = UserInformable.swift; sourceTree = "<group>"; };
		1C715C5928E08A77009FD474 /* Board.swift */ = {isa = PBXFileReference; lastKnownFileType = sourcecode.swift; path = Board.swift; sourceTree = "<group>"; };
		1C715C5B28E08AA8009FD474 /* ScoreManager.swift */ = {isa = PBXFileReference; lastKnownFileType = sourcecode.swift; path = ScoreManager.swift; sourceTree = "<group>"; };
		1C715C5D28E08B91009FD474 /* Action.swift */ = {isa = PBXFileReference; lastKnownFileType = sourcecode.swift; path = Action.swift; sourceTree = "<group>"; };
		1C715C5F28E08BEA009FD474 /* Point.swift */ = {isa = PBXFileReference; lastKnownFileType = sourcecode.swift; path = Point.swift; sourceTree = "<group>"; };
		1C715C6128E08C06009FD474 /* Rank.swift */ = {isa = PBXFileReference; lastKnownFileType = sourcecode.swift; path = Rank.swift; sourceTree = "<group>"; };
		1C715C6328E08C65009FD474 /* File.swift */ = {isa = PBXFileReference; lastKnownFileType = sourcecode.swift; path = File.swift; sourceTree = "<group>"; };
		1C715C6928E09BAE009FD474 /* User.swift */ = {isa = PBXFileReference; lastKnownFileType = sourcecode.swift; path = User.swift; sourceTree = "<group>"; };
		1C715C6D28E0BF8D009FD474 /* UserState.swift */ = {isa = PBXFileReference; lastKnownFileType = sourcecode.swift; path = UserState.swift; sourceTree = "<group>"; };
		1C715C7328E17F80009FD474 /* BoardTests.swift */ = {isa = PBXFileReference; lastKnownFileType = sourcecode.swift; path = BoardTests.swift; sourceTree = "<group>"; };
		1CA7D20928DF1F3A0049A308 /* swift-chess-app.app */ = {isa = PBXFileReference; explicitFileType = wrapper.application; includeInIndex = 0; path = "swift-chess-app.app"; sourceTree = BUILT_PRODUCTS_DIR; };
		1CA7D20C28DF1F3A0049A308 /* AppDelegate.swift */ = {isa = PBXFileReference; lastKnownFileType = sourcecode.swift; path = AppDelegate.swift; sourceTree = "<group>"; };
		1CA7D20E28DF1F3A0049A308 /* SceneDelegate.swift */ = {isa = PBXFileReference; lastKnownFileType = sourcecode.swift; path = SceneDelegate.swift; sourceTree = "<group>"; };
		1CA7D21028DF1F3A0049A308 /* ChessViewController.swift */ = {isa = PBXFileReference; lastKnownFileType = sourcecode.swift; path = ChessViewController.swift; sourceTree = "<group>"; };
		1CA7D21328DF1F3A0049A308 /* Base */ = {isa = PBXFileReference; lastKnownFileType = file.storyboard; name = Base; path = Base.lproj/Main.storyboard; sourceTree = "<group>"; };
		1CA7D21528DF1F3B0049A308 /* Assets.xcassets */ = {isa = PBXFileReference; lastKnownFileType = folder.assetcatalog; path = Assets.xcassets; sourceTree = "<group>"; };
		1CA7D21828DF1F3B0049A308 /* Base */ = {isa = PBXFileReference; lastKnownFileType = file.storyboard; name = Base; path = Base.lproj/LaunchScreen.storyboard; sourceTree = "<group>"; };
		1CA7D21A28DF1F3C0049A308 /* Info.plist */ = {isa = PBXFileReference; lastKnownFileType = text.plist.xml; path = Info.plist; sourceTree = "<group>"; };
		1CA7D21F28DF1F3C0049A308 /* swift-chess-appTests.xctest */ = {isa = PBXFileReference; explicitFileType = wrapper.cfbundle; includeInIndex = 0; path = "swift-chess-appTests.xctest"; sourceTree = BUILT_PRODUCTS_DIR; };
		1CE777E228EC5F8A00DF33EE /* Array+Extensions.swift */ = {isa = PBXFileReference; lastKnownFileType = sourcecode.swift; path = "Array+Extensions.swift"; sourceTree = "<group>"; };
		1CE8F9C128E9CAF3007AAA9B /* Piece.swift */ = {isa = PBXFileReference; lastKnownFileType = sourcecode.swift; path = Piece.swift; sourceTree = "<group>"; };
		1CE8F9C328E9EF40007AAA9B /* Knight.swift */ = {isa = PBXFileReference; lastKnownFileType = sourcecode.swift; path = Knight.swift; sourceTree = "<group>"; };
		1CE8F9C528E9EF50007AAA9B /* Rook.swift */ = {isa = PBXFileReference; lastKnownFileType = sourcecode.swift; path = Rook.swift; sourceTree = "<group>"; };
		1CE8F9C728E9EF59007AAA9B /* Queen.swift */ = {isa = PBXFileReference; lastKnownFileType = sourcecode.swift; path = Queen.swift; sourceTree = "<group>"; };
		1CE8F9C928E9EF63007AAA9B /* Bishop.swift */ = {isa = PBXFileReference; lastKnownFileType = sourcecode.swift; path = Bishop.swift; sourceTree = "<group>"; };
		1CE8F9CB28EA8295007AAA9B /* Direction.swift */ = {isa = PBXFileReference; lastKnownFileType = sourcecode.swift; path = Direction.swift; sourceTree = "<group>"; };
		1CE8F9CD28EA84B9007AAA9B /* Tuple.swift */ = {isa = PBXFileReference; lastKnownFileType = sourcecode.swift; path = Tuple.swift; sourceTree = "<group>"; };
		1CE8F9D028EA9E67007AAA9B /* Global.swift */ = {isa = PBXFileReference; lastKnownFileType = sourcecode.swift; path = Global.swift; sourceTree = "<group>"; };
		1CE8F9E228EB2683007AAA9B /* ChessError.swift */ = {isa = PBXFileReference; lastKnownFileType = sourcecode.swift; path = ChessError.swift; sourceTree = "<group>"; };
/* End PBXFileReference section */

/* Begin PBXFrameworksBuildPhase section */
		1CA7D20628DF1F3A0049A308 /* Frameworks */ = {
			isa = PBXFrameworksBuildPhase;
			buildActionMask = 2147483647;
			files = (
			);
			runOnlyForDeploymentPostprocessing = 0;
		};
		1CA7D21C28DF1F3C0049A308 /* Frameworks */ = {
			isa = PBXFrameworksBuildPhase;
			buildActionMask = 2147483647;
			files = (
			);
			runOnlyForDeploymentPostprocessing = 0;
		};
/* End PBXFrameworksBuildPhase section */

/* Begin PBXGroup section */
		1C715C6F28E17E6A009FD474 /* Models */ = {
			isa = PBXGroup;
			children = (
				1C715C5D28E08B91009FD474 /* Action.swift */,
				1C715C5F28E08BEA009FD474 /* Point.swift */,
				1C715C6328E08C65009FD474 /* File.swift */,
				1C715C6128E08C06009FD474 /* Rank.swift */,
				1C715C6928E09BAE009FD474 /* User.swift */,
				1C715C6D28E0BF8D009FD474 /* UserState.swift */,
				1C715C4728E07D8F009FD474 /* Pawn.swift */,
				1CE8F9C328E9EF40007AAA9B /* Knight.swift */,
				1CE8F9C528E9EF50007AAA9B /* Rook.swift */,
				1C0767A428F48E47000C1AF5 /* King.swift */,
				1CE8F9C728E9EF59007AAA9B /* Queen.swift */,
				1CE8F9C928E9EF63007AAA9B /* Bishop.swift */,
				1CE8F9CB28EA8295007AAA9B /* Direction.swift */,
				1CE8F9CD28EA84B9007AAA9B /* Tuple.swift */,
				1CE8F9E228EB2683007AAA9B /* ChessError.swift */,
				1C60169D28F3DBD900EC395F /* ScoreOptions.swift */,
				1C6016A128F3E32200EC395F /* Color.swift */,
				1C07679828F3F6E6000C1AF5 /* PieceInfo.swift */,
				1C0767A228F467C5000C1AF5 /* UserInfo.swift */,
				1C07679C28F4317C000C1AF5 /* BoardState.swift */,
			);
			path = Models;
			sourceTree = "<group>";
		};
		1C715C7028E17E83009FD474 /* Protocols */ = {
			isa = PBXGroup;
			children = (
				1C715C5728E08888009FD474 /* UserInformable.swift */,
				1C715C4928E07D99009FD474 /* BoardViewable.swift */,
				1C60169B28F3DA0900EC395F /* ScoreManagable.swift */,
				1CE8F9C128E9CAF3007AAA9B /* Piece.swift */,
			);
			path = Protocols;
			sourceTree = "<group>";
		};
		1C715C7128E17EA2009FD474 /* Managers */ = {
			isa = PBXGroup;
			children = (
				1C715C4128E07D7A009FD474 /* InputManager.swift */,
				1C715C5B28E08AA8009FD474 /* ScoreManager.swift */,
			);
			path = Managers;
			sourceTree = "<group>";
		};
		1C715C7228E17EAC009FD474 /* Utils */ = {
			isa = PBXGroup;
			children = (
				1CE8F9D028EA9E67007AAA9B /* Global.swift */,
				1CE777E228EC5F8A00DF33EE /* Array+Extensions.swift */,
			);
			path = Utils;
			sourceTree = "<group>";
		};
		1CA7D20028DF1F3A0049A308 = {
			isa = PBXGroup;
			children = (
				1CA7D20B28DF1F3A0049A308 /* swift-chess-app */,
				1CA7D22228DF1F3C0049A308 /* swift-chess-appTests */,
				1CA7D20A28DF1F3A0049A308 /* Products */,
			);
			sourceTree = "<group>";
		};
		1CA7D20A28DF1F3A0049A308 /* Products */ = {
			isa = PBXGroup;
			children = (
				1CA7D20928DF1F3A0049A308 /* swift-chess-app.app */,
				1CA7D21F28DF1F3C0049A308 /* swift-chess-appTests.xctest */,
			);
			name = Products;
			sourceTree = "<group>";
		};
		1CA7D20B28DF1F3A0049A308 /* swift-chess-app */ = {
			isa = PBXGroup;
			children = (
				1CA7D20C28DF1F3A0049A308 /* AppDelegate.swift */,
				1CA7D20E28DF1F3A0049A308 /* SceneDelegate.swift */,
				1CA7D21028DF1F3A0049A308 /* ChessViewController.swift */,
				1CA7D21228DF1F3A0049A308 /* Main.storyboard */,
				1CA7D21528DF1F3B0049A308 /* Assets.xcassets */,
				1CA7D21728DF1F3B0049A308 /* LaunchScreen.storyboard */,
				1CA7D21A28DF1F3C0049A308 /* Info.plist */,
				1C715C6F28E17E6A009FD474 /* Models */,
				1C715C7028E17E83009FD474 /* Protocols */,
				1C715C7128E17EA2009FD474 /* Managers */,
				1C715C7228E17EAC009FD474 /* Utils */,
				1C715C4328E07D85009FD474 /* ChessBrain.swift */,
				1C715C5928E08A77009FD474 /* Board.swift */,
				1C715C4B28E07DA3009FD474 /* BoardView.swift */,
				1C07679A28F41A67000C1AF5 /* BoardCLIView.swift */,
			);
			path = "swift-chess-app";
			sourceTree = "<group>";
		};
		1CA7D22228DF1F3C0049A308 /* swift-chess-appTests */ = {
			isa = PBXGroup;
			children = (
				1C715C7328E17F80009FD474 /* BoardTests.swift */,
				1C61BA0828E1903500C189C0 /* BoardCLIViewTests.swift */,
				1C4D900428E335030050EA58 /* RankTests.swift */,
				1C4D900628E336890050EA58 /* FileTests.swift */,
			);
			path = "swift-chess-appTests";
			sourceTree = "<group>";
		};
/* End PBXGroup section */

/* Begin PBXNativeTarget section */
		1CA7D20828DF1F3A0049A308 /* swift-chess-app */ = {
			isa = PBXNativeTarget;
			buildConfigurationList = 1CA7D23328DF1F3C0049A308 /* Build configuration list for PBXNativeTarget "swift-chess-app" */;
			buildPhases = (
				1CA7D20528DF1F3A0049A308 /* Sources */,
				1CA7D20628DF1F3A0049A308 /* Frameworks */,
				1CA7D20728DF1F3A0049A308 /* Resources */,
			);
			buildRules = (
			);
			dependencies = (
			);
			name = "swift-chess-app";
			productName = "swift-chess-app";
			productReference = 1CA7D20928DF1F3A0049A308 /* swift-chess-app.app */;
			productType = "com.apple.product-type.application";
		};
		1CA7D21E28DF1F3C0049A308 /* swift-chess-appTests */ = {
			isa = PBXNativeTarget;
			buildConfigurationList = 1CA7D23628DF1F3C0049A308 /* Build configuration list for PBXNativeTarget "swift-chess-appTests" */;
			buildPhases = (
				1CA7D21B28DF1F3C0049A308 /* Sources */,
				1CA7D21C28DF1F3C0049A308 /* Frameworks */,
				1CA7D21D28DF1F3C0049A308 /* Resources */,
			);
			buildRules = (
			);
			dependencies = (
				1CA7D22128DF1F3C0049A308 /* PBXTargetDependency */,
			);
			name = "swift-chess-appTests";
			productName = "swift-chess-appTests";
			productReference = 1CA7D21F28DF1F3C0049A308 /* swift-chess-appTests.xctest */;
			productType = "com.apple.product-type.bundle.unit-test";
		};
/* End PBXNativeTarget section */

/* Begin PBXProject section */
		1CA7D20128DF1F3A0049A308 /* Project object */ = {
			isa = PBXProject;
			attributes = {
				BuildIndependentTargetsInParallel = 1;
				LastSwiftUpdateCheck = 1340;
				LastUpgradeCheck = 1340;
				TargetAttributes = {
					1CA7D20828DF1F3A0049A308 = {
						CreatedOnToolsVersion = 13.4.1;
					};
					1CA7D21E28DF1F3C0049A308 = {
						CreatedOnToolsVersion = 13.4.1;
						TestTargetID = 1CA7D20828DF1F3A0049A308;
					};
				};
			};
			buildConfigurationList = 1CA7D20428DF1F3A0049A308 /* Build configuration list for PBXProject "swift-chess-app" */;
			compatibilityVersion = "Xcode 13.0";
			developmentRegion = en;
			hasScannedForEncodings = 0;
			knownRegions = (
				en,
				Base,
			);
			mainGroup = 1CA7D20028DF1F3A0049A308;
			productRefGroup = 1CA7D20A28DF1F3A0049A308 /* Products */;
			projectDirPath = "";
			projectRoot = "";
			targets = (
				1CA7D20828DF1F3A0049A308 /* swift-chess-app */,
				1CA7D21E28DF1F3C0049A308 /* swift-chess-appTests */,
			);
		};
/* End PBXProject section */

/* Begin PBXResourcesBuildPhase section */
		1CA7D20728DF1F3A0049A308 /* Resources */ = {
			isa = PBXResourcesBuildPhase;
			buildActionMask = 2147483647;
			files = (
				1CA7D21928DF1F3B0049A308 /* LaunchScreen.storyboard in Resources */,
				1CA7D21628DF1F3B0049A308 /* Assets.xcassets in Resources */,
				1CA7D21428DF1F3A0049A308 /* Main.storyboard in Resources */,
			);
			runOnlyForDeploymentPostprocessing = 0;
		};
		1CA7D21D28DF1F3C0049A308 /* Resources */ = {
			isa = PBXResourcesBuildPhase;
			buildActionMask = 2147483647;
			files = (
			);
			runOnlyForDeploymentPostprocessing = 0;
		};
/* End PBXResourcesBuildPhase section */

/* Begin PBXSourcesBuildPhase section */
		1CA7D20528DF1F3A0049A308 /* Sources */ = {
			isa = PBXSourcesBuildPhase;
			buildActionMask = 2147483647;
			files = (
				1CE8F9C228E9CAF3007AAA9B /* Piece.swift in Sources */,
				1C715C5C28E08AA8009FD474 /* ScoreManager.swift in Sources */,
				1C6016A228F3E32200EC395F /* Color.swift in Sources */,
				1CE777E328EC5F8A00DF33EE /* Array+Extensions.swift in Sources */,
				1C60169C28F3DA0900EC395F /* ScoreManagable.swift in Sources */,
				1C60169E28F3DBD900EC395F /* ScoreOptions.swift in Sources */,
				1C715C5A28E08A77009FD474 /* Board.swift in Sources */,
				1C715C6428E08C65009FD474 /* File.swift in Sources */,
				1CA7D21128DF1F3A0049A308 /* ChessViewController.swift in Sources */,
				1C715C4828E07D8F009FD474 /* Pawn.swift in Sources */,
				1C715C6A28E09BAE009FD474 /* User.swift in Sources */,
				1CE8F9C628E9EF50007AAA9B /* Rook.swift in Sources */,
				1C715C4228E07D7A009FD474 /* InputManager.swift in Sources */,
				1CE8F9C828E9EF59007AAA9B /* Queen.swift in Sources */,
				1C715C4C28E07DA3009FD474 /* BoardView.swift in Sources */,
				1C715C5E28E08B91009FD474 /* Action.swift in Sources */,
				1C715C5828E08888009FD474 /* UserInformable.swift in Sources */,
				1C07679D28F4317C000C1AF5 /* BoardState.swift in Sources */,
				1C715C6228E08C06009FD474 /* Rank.swift in Sources */,
				1CE8F9E328EB2683007AAA9B /* ChessError.swift in Sources */,
				1CE8F9C428E9EF40007AAA9B /* Knight.swift in Sources */,
				1C715C4A28E07D99009FD474 /* BoardViewable.swift in Sources */,
				1C0767A328F467C5000C1AF5 /* UserInfo.swift in Sources */,
				1C715C4428E07D85009FD474 /* ChessBrain.swift in Sources */,
				1CE8F9D128EA9E67007AAA9B /* Global.swift in Sources */,
				1C715C6028E08BEA009FD474 /* Point.swift in Sources */,
				1C07679B28F41A67000C1AF5 /* BoardCLIView.swift in Sources */,
				1CE8F9CE28EA84B9007AAA9B /* Tuple.swift in Sources */,
				1CE8F9CA28E9EF63007AAA9B /* Bishop.swift in Sources */,
				1C715C6E28E0BF8D009FD474 /* UserState.swift in Sources */,
				1CA7D20D28DF1F3A0049A308 /* AppDelegate.swift in Sources */,
				1CE8F9CC28EA8295007AAA9B /* Direction.swift in Sources */,
				1CA7D20F28DF1F3A0049A308 /* SceneDelegate.swift in Sources */,
				1C07679928F3F6E6000C1AF5 /* PieceInfo.swift in Sources */,
				1C0767A528F48E47000C1AF5 /* King.swift in Sources */,
			);
			runOnlyForDeploymentPostprocessing = 0;
		};
		1CA7D21B28DF1F3C0049A308 /* Sources */ = {
			isa = PBXSourcesBuildPhase;
			buildActionMask = 2147483647;
			files = (
				1C4D900728E336890050EA58 /* FileTests.swift in Sources */,
				1C4D900528E335030050EA58 /* RankTests.swift in Sources */,
				1C715C7428E17F80009FD474 /* BoardTests.swift in Sources */,
				1C61BA0928E1903500C189C0 /* BoardCLIViewTests.swift in Sources */,
			);
			runOnlyForDeploymentPostprocessing = 0;
		};
/* End PBXSourcesBuildPhase section */

/* Begin PBXTargetDependency section */
		1CA7D22128DF1F3C0049A308 /* PBXTargetDependency */ = {
			isa = PBXTargetDependency;
			target = 1CA7D20828DF1F3A0049A308 /* swift-chess-app */;
			targetProxy = 1CA7D22028DF1F3C0049A308 /* PBXContainerItemProxy */;
		};
/* End PBXTargetDependency section */

/* Begin PBXVariantGroup section */
		1CA7D21228DF1F3A0049A308 /* Main.storyboard */ = {
			isa = PBXVariantGroup;
			children = (
				1CA7D21328DF1F3A0049A308 /* Base */,
			);
			name = Main.storyboard;
			sourceTree = "<group>";
		};
		1CA7D21728DF1F3B0049A308 /* LaunchScreen.storyboard */ = {
			isa = PBXVariantGroup;
			children = (
				1CA7D21828DF1F3B0049A308 /* Base */,
			);
			name = LaunchScreen.storyboard;
			sourceTree = "<group>";
		};
/* End PBXVariantGroup section */

/* Begin XCBuildConfiguration section */
		1CA7D23128DF1F3C0049A308 /* Debug */ = {
			isa = XCBuildConfiguration;
			buildSettings = {
				ALWAYS_SEARCH_USER_PATHS = NO;
				CLANG_ANALYZER_NONNULL = YES;
				CLANG_ANALYZER_NUMBER_OBJECT_CONVERSION = YES_AGGRESSIVE;
				CLANG_CXX_LANGUAGE_STANDARD = "gnu++17";
				CLANG_ENABLE_MODULES = YES;
				CLANG_ENABLE_OBJC_ARC = YES;
				CLANG_ENABLE_OBJC_WEAK = YES;
				CLANG_WARN_BLOCK_CAPTURE_AUTORELEASING = YES;
				CLANG_WARN_BOOL_CONVERSION = YES;
				CLANG_WARN_COMMA = YES;
				CLANG_WARN_CONSTANT_CONVERSION = YES;
				CLANG_WARN_DEPRECATED_OBJC_IMPLEMENTATIONS = YES;
				CLANG_WARN_DIRECT_OBJC_ISA_USAGE = YES_ERROR;
				CLANG_WARN_DOCUMENTATION_COMMENTS = YES;
				CLANG_WARN_EMPTY_BODY = YES;
				CLANG_WARN_ENUM_CONVERSION = YES;
				CLANG_WARN_INFINITE_RECURSION = YES;
				CLANG_WARN_INT_CONVERSION = YES;
				CLANG_WARN_NON_LITERAL_NULL_CONVERSION = YES;
				CLANG_WARN_OBJC_IMPLICIT_RETAIN_SELF = YES;
				CLANG_WARN_OBJC_LITERAL_CONVERSION = YES;
				CLANG_WARN_OBJC_ROOT_CLASS = YES_ERROR;
				CLANG_WARN_QUOTED_INCLUDE_IN_FRAMEWORK_HEADER = YES;
				CLANG_WARN_RANGE_LOOP_ANALYSIS = YES;
				CLANG_WARN_STRICT_PROTOTYPES = YES;
				CLANG_WARN_SUSPICIOUS_MOVE = YES;
				CLANG_WARN_UNGUARDED_AVAILABILITY = YES_AGGRESSIVE;
				CLANG_WARN_UNREACHABLE_CODE = YES;
				CLANG_WARN__DUPLICATE_METHOD_MATCH = YES;
				COPY_PHASE_STRIP = NO;
				DEBUG_INFORMATION_FORMAT = dwarf;
				ENABLE_STRICT_OBJC_MSGSEND = YES;
				ENABLE_TESTABILITY = YES;
				GCC_C_LANGUAGE_STANDARD = gnu11;
				GCC_DYNAMIC_NO_PIC = NO;
				GCC_NO_COMMON_BLOCKS = YES;
				GCC_OPTIMIZATION_LEVEL = 0;
				GCC_PREPROCESSOR_DEFINITIONS = (
					"DEBUG=1",
					"$(inherited)",
				);
				GCC_WARN_64_TO_32_BIT_CONVERSION = YES;
				GCC_WARN_ABOUT_RETURN_TYPE = YES_ERROR;
				GCC_WARN_UNDECLARED_SELECTOR = YES;
				GCC_WARN_UNINITIALIZED_AUTOS = YES_AGGRESSIVE;
				GCC_WARN_UNUSED_FUNCTION = YES;
				GCC_WARN_UNUSED_VARIABLE = YES;
				IPHONEOS_DEPLOYMENT_TARGET = 15.5;
				MTL_ENABLE_DEBUG_INFO = INCLUDE_SOURCE;
				MTL_FAST_MATH = YES;
				ONLY_ACTIVE_ARCH = YES;
				SDKROOT = iphoneos;
				SWIFT_ACTIVE_COMPILATION_CONDITIONS = DEBUG;
				SWIFT_OPTIMIZATION_LEVEL = "-Onone";
			};
			name = Debug;
		};
		1CA7D23228DF1F3C0049A308 /* Release */ = {
			isa = XCBuildConfiguration;
			buildSettings = {
				ALWAYS_SEARCH_USER_PATHS = NO;
				CLANG_ANALYZER_NONNULL = YES;
				CLANG_ANALYZER_NUMBER_OBJECT_CONVERSION = YES_AGGRESSIVE;
				CLANG_CXX_LANGUAGE_STANDARD = "gnu++17";
				CLANG_ENABLE_MODULES = YES;
				CLANG_ENABLE_OBJC_ARC = YES;
				CLANG_ENABLE_OBJC_WEAK = YES;
				CLANG_WARN_BLOCK_CAPTURE_AUTORELEASING = YES;
				CLANG_WARN_BOOL_CONVERSION = YES;
				CLANG_WARN_COMMA = YES;
				CLANG_WARN_CONSTANT_CONVERSION = YES;
				CLANG_WARN_DEPRECATED_OBJC_IMPLEMENTATIONS = YES;
				CLANG_WARN_DIRECT_OBJC_ISA_USAGE = YES_ERROR;
				CLANG_WARN_DOCUMENTATION_COMMENTS = YES;
				CLANG_WARN_EMPTY_BODY = YES;
				CLANG_WARN_ENUM_CONVERSION = YES;
				CLANG_WARN_INFINITE_RECURSION = YES;
				CLANG_WARN_INT_CONVERSION = YES;
				CLANG_WARN_NON_LITERAL_NULL_CONVERSION = YES;
				CLANG_WARN_OBJC_IMPLICIT_RETAIN_SELF = YES;
				CLANG_WARN_OBJC_LITERAL_CONVERSION = YES;
				CLANG_WARN_OBJC_ROOT_CLASS = YES_ERROR;
				CLANG_WARN_QUOTED_INCLUDE_IN_FRAMEWORK_HEADER = YES;
				CLANG_WARN_RANGE_LOOP_ANALYSIS = YES;
				CLANG_WARN_STRICT_PROTOTYPES = YES;
				CLANG_WARN_SUSPICIOUS_MOVE = YES;
				CLANG_WARN_UNGUARDED_AVAILABILITY = YES_AGGRESSIVE;
				CLANG_WARN_UNREACHABLE_CODE = YES;
				CLANG_WARN__DUPLICATE_METHOD_MATCH = YES;
				COPY_PHASE_STRIP = NO;
				DEBUG_INFORMATION_FORMAT = "dwarf-with-dsym";
				ENABLE_NS_ASSERTIONS = NO;
				ENABLE_STRICT_OBJC_MSGSEND = YES;
				GCC_C_LANGUAGE_STANDARD = gnu11;
				GCC_NO_COMMON_BLOCKS = YES;
				GCC_WARN_64_TO_32_BIT_CONVERSION = YES;
				GCC_WARN_ABOUT_RETURN_TYPE = YES_ERROR;
				GCC_WARN_UNDECLARED_SELECTOR = YES;
				GCC_WARN_UNINITIALIZED_AUTOS = YES_AGGRESSIVE;
				GCC_WARN_UNUSED_FUNCTION = YES;
				GCC_WARN_UNUSED_VARIABLE = YES;
				IPHONEOS_DEPLOYMENT_TARGET = 15.5;
				MTL_ENABLE_DEBUG_INFO = NO;
				MTL_FAST_MATH = YES;
				SDKROOT = iphoneos;
				SWIFT_COMPILATION_MODE = wholemodule;
				SWIFT_OPTIMIZATION_LEVEL = "-O";
				VALIDATE_PRODUCT = YES;
			};
			name = Release;
		};
		1CA7D23428DF1F3C0049A308 /* Debug */ = {
			isa = XCBuildConfiguration;
			buildSettings = {
				ASSETCATALOG_COMPILER_APPICON_NAME = AppIcon;
				ASSETCATALOG_COMPILER_GLOBAL_ACCENT_COLOR_NAME = AccentColor;
				CODE_SIGN_IDENTITY = "Apple Development";
				CODE_SIGN_STYLE = Automatic;
				CURRENT_PROJECT_VERSION = 1;
				DEVELOPMENT_TEAM = 3885XCJRT2;
				GENERATE_INFOPLIST_FILE = YES;
				INFOPLIST_FILE = "swift-chess-app/Info.plist";
				INFOPLIST_KEY_UIApplicationSupportsIndirectInputEvents = YES;
				INFOPLIST_KEY_UILaunchStoryboardName = LaunchScreen;
				INFOPLIST_KEY_UIMainStoryboardFile = Main;
				INFOPLIST_KEY_UISupportedInterfaceOrientations_iPad = "UIInterfaceOrientationPortrait UIInterfaceOrientationPortraitUpsideDown UIInterfaceOrientationLandscapeLeft UIInterfaceOrientationLandscapeRight";
				INFOPLIST_KEY_UISupportedInterfaceOrientations_iPhone = "UIInterfaceOrientationPortrait UIInterfaceOrientationLandscapeLeft UIInterfaceOrientationLandscapeRight";
				LD_RUNPATH_SEARCH_PATHS = (
					"$(inherited)",
					"@executable_path/Frameworks",
				);
				MARKETING_VERSION = 1.0;
				PRODUCT_BUNDLE_IDENTIFIER = "haeseoklee.dev.swift-chess-app";
				PRODUCT_NAME = "$(TARGET_NAME)";
				PROVISIONING_PROFILE_SPECIFIER = "";
				SWIFT_EMIT_LOC_STRINGS = YES;
				SWIFT_VERSION = 5.0;
				TARGETED_DEVICE_FAMILY = "1,2";
			};
			name = Debug;
		};
		1CA7D23528DF1F3C0049A308 /* Release */ = {
			isa = XCBuildConfiguration;
			buildSettings = {
				ASSETCATALOG_COMPILER_APPICON_NAME = AppIcon;
				ASSETCATALOG_COMPILER_GLOBAL_ACCENT_COLOR_NAME = AccentColor;
				CODE_SIGN_IDENTITY = "Apple Development";
				CODE_SIGN_STYLE = Automatic;
				CURRENT_PROJECT_VERSION = 1;
				DEVELOPMENT_TEAM = 3885XCJRT2;
				GENERATE_INFOPLIST_FILE = YES;
				INFOPLIST_FILE = "swift-chess-app/Info.plist";
				INFOPLIST_KEY_UIApplicationSupportsIndirectInputEvents = YES;
				INFOPLIST_KEY_UILaunchStoryboardName = LaunchScreen;
				INFOPLIST_KEY_UIMainStoryboardFile = Main;
				INFOPLIST_KEY_UISupportedInterfaceOrientations_iPad = "UIInterfaceOrientationPortrait UIInterfaceOrientationPortraitUpsideDown UIInterfaceOrientationLandscapeLeft UIInterfaceOrientationLandscapeRight";
				INFOPLIST_KEY_UISupportedInterfaceOrientations_iPhone = "UIInterfaceOrientationPortrait UIInterfaceOrientationLandscapeLeft UIInterfaceOrientationLandscapeRight";
				LD_RUNPATH_SEARCH_PATHS = (
					"$(inherited)",
					"@executable_path/Frameworks",
				);
				MARKETING_VERSION = 1.0;
				PRODUCT_BUNDLE_IDENTIFIER = "haeseoklee.dev.swift-chess-app";
				PRODUCT_NAME = "$(TARGET_NAME)";
				PROVISIONING_PROFILE_SPECIFIER = "";
				SWIFT_EMIT_LOC_STRINGS = YES;
				SWIFT_VERSION = 5.0;
				TARGETED_DEVICE_FAMILY = "1,2";
			};
			name = Release;
		};
		1CA7D23728DF1F3C0049A308 /* Debug */ = {
			isa = XCBuildConfiguration;
			buildSettings = {
				ALWAYS_EMBED_SWIFT_STANDARD_LIBRARIES = YES;
				BUNDLE_LOADER = "$(TEST_HOST)";
				CODE_SIGN_STYLE = Automatic;
				CURRENT_PROJECT_VERSION = 1;
				DEVELOPMENT_TEAM = 3885XCJRT2;
				GENERATE_INFOPLIST_FILE = YES;
				IPHONEOS_DEPLOYMENT_TARGET = 15.5;
				MARKETING_VERSION = 1.0;
				PRODUCT_BUNDLE_IDENTIFIER = "haeseoklee.dev.swift-chess-appTests";
				PRODUCT_NAME = "$(TARGET_NAME)";
				SWIFT_EMIT_LOC_STRINGS = NO;
				SWIFT_VERSION = 5.0;
				TARGETED_DEVICE_FAMILY = "1,2";
				TEST_HOST = "$(BUILT_PRODUCTS_DIR)/swift-chess-app.app/swift-chess-app";
			};
			name = Debug;
		};
		1CA7D23828DF1F3C0049A308 /* Release */ = {
			isa = XCBuildConfiguration;
			buildSettings = {
				ALWAYS_EMBED_SWIFT_STANDARD_LIBRARIES = YES;
				BUNDLE_LOADER = "$(TEST_HOST)";
				CODE_SIGN_STYLE = Automatic;
				CURRENT_PROJECT_VERSION = 1;
				DEVELOPMENT_TEAM = 3885XCJRT2;
				GENERATE_INFOPLIST_FILE = YES;
				IPHONEOS_DEPLOYMENT_TARGET = 15.5;
				MARKETING_VERSION = 1.0;
				PRODUCT_BUNDLE_IDENTIFIER = "haeseoklee.dev.swift-chess-appTests";
				PRODUCT_NAME = "$(TARGET_NAME)";
				SWIFT_EMIT_LOC_STRINGS = NO;
				SWIFT_VERSION = 5.0;
				TARGETED_DEVICE_FAMILY = "1,2";
				TEST_HOST = "$(BUILT_PRODUCTS_DIR)/swift-chess-app.app/swift-chess-app";
			};
			name = Release;
		};
/* End XCBuildConfiguration section */

/* Begin XCConfigurationList section */
		1CA7D20428DF1F3A0049A308 /* Build configuration list for PBXProject "swift-chess-app" */ = {
			isa = XCConfigurationList;
			buildConfigurations = (
				1CA7D23128DF1F3C0049A308 /* Debug */,
				1CA7D23228DF1F3C0049A308 /* Release */,
			);
			defaultConfigurationIsVisible = 0;
			defaultConfigurationName = Release;
		};
		1CA7D23328DF1F3C0049A308 /* Build configuration list for PBXNativeTarget "swift-chess-app" */ = {
			isa = XCConfigurationList;
			buildConfigurations = (
				1CA7D23428DF1F3C0049A308 /* Debug */,
				1CA7D23528DF1F3C0049A308 /* Release */,
			);
			defaultConfigurationIsVisible = 0;
			defaultConfigurationName = Release;
		};
		1CA7D23628DF1F3C0049A308 /* Build configuration list for PBXNativeTarget "swift-chess-appTests" */ = {
			isa = XCConfigurationList;
			buildConfigurations = (
				1CA7D23728DF1F3C0049A308 /* Debug */,
				1CA7D23828DF1F3C0049A308 /* Release */,
			);
			defaultConfigurationIsVisible = 0;
			defaultConfigurationName = Release;
		};
/* End XCConfigurationList section */
	};
	rootObject = 1CA7D20128DF1F3A0049A308 /* Project object */;
}
