// !$*UTF8*$!
{
	archiveVersion = 1;
	classes = {
	};
	objectVersion = 55;
	objects = {

/* Begin PBXBuildFile section */
		C812BCD428E29C8600385B11 /* AppDelegate.swift in Sources */ = {isa = PBXBuildFile; fileRef = C812BCD328E29C8600385B11 /* AppDelegate.swift */; };
		C812BCD628E29C8600385B11 /* SceneDelegate.swift in Sources */ = {isa = PBXBuildFile; fileRef = C812BCD528E29C8600385B11 /* SceneDelegate.swift */; };
		C812BCD828E29C8600385B11 /* ViewController.swift in Sources */ = {isa = PBXBuildFile; fileRef = C812BCD728E29C8600385B11 /* ViewController.swift */; };
		C812BCDB28E29C8600385B11 /* Main.storyboard in Resources */ = {isa = PBXBuildFile; fileRef = C812BCD928E29C8600385B11 /* Main.storyboard */; };
		C812BCDD28E29C8800385B11 /* Assets.xcassets in Resources */ = {isa = PBXBuildFile; fileRef = C812BCDC28E29C8800385B11 /* Assets.xcassets */; };
		C812BCE028E29C8800385B11 /* LaunchScreen.storyboard in Resources */ = {isa = PBXBuildFile; fileRef = C812BCDE28E29C8800385B11 /* LaunchScreen.storyboard */; };
		C812BCEB28E29C8800385B11 /* chessAppTests.swift in Sources */ = {isa = PBXBuildFile; fileRef = C812BCEA28E29C8800385B11 /* chessAppTests.swift */; };
		C812BCF528E29C8900385B11 /* chessAppUITests.swift in Sources */ = {isa = PBXBuildFile; fileRef = C812BCF428E29C8900385B11 /* chessAppUITests.swift */; };
		C812BCF728E29C8900385B11 /* chessAppUITestsLaunchTests.swift in Sources */ = {isa = PBXBuildFile; fileRef = C812BCF628E29C8900385B11 /* chessAppUITestsLaunchTests.swift */; };
		C812BD0528E2AA7400385B11 /* ChessBoard.swift in Sources */ = {isa = PBXBuildFile; fileRef = C812BD0428E2AA7400385B11 /* ChessBoard.swift */; };
		C812BD0D28E2C80A00385B11 /* ChessPiece.swift in Sources */ = {isa = PBXBuildFile; fileRef = C812BD0C28E2C80A00385B11 /* ChessPiece.swift */; };
		C8D0E5D728E2FA93005A2ECD /* ChessPawn.swift in Sources */ = {isa = PBXBuildFile; fileRef = C8D0E5D628E2FA93005A2ECD /* ChessPawn.swift */; };
		C8D0E5DA28E2FE01005A2ECD /* PieceType.swift in Sources */ = {isa = PBXBuildFile; fileRef = C8D0E5D928E2FE01005A2ECD /* PieceType.swift */; };
		C8D0E5DC28E2FE21005A2ECD /* PieceColor.swift in Sources */ = {isa = PBXBuildFile; fileRef = C8D0E5DB28E2FE21005A2ECD /* PieceColor.swift */; };
		C8D0E5DE28E2FE3D005A2ECD /* Position.swift in Sources */ = {isa = PBXBuildFile; fileRef = C8D0E5DD28E2FE3D005A2ECD /* Position.swift */; };
		C8D0E5E228E3107D005A2ECD /* ChessBoard+Description.swift in Sources */ = {isa = PBXBuildFile; fileRef = C8D0E5E128E3107D005A2ECD /* ChessBoard+Description.swift */; };
/* End PBXBuildFile section */

/* Begin PBXContainerItemProxy section */
		C812BCE728E29C8800385B11 /* PBXContainerItemProxy */ = {
			isa = PBXContainerItemProxy;
			containerPortal = C812BCC828E29C8600385B11 /* Project object */;
			proxyType = 1;
			remoteGlobalIDString = C812BCCF28E29C8600385B11;
			remoteInfo = chessApp;
		};
		C812BCF128E29C8900385B11 /* PBXContainerItemProxy */ = {
			isa = PBXContainerItemProxy;
			containerPortal = C812BCC828E29C8600385B11 /* Project object */;
			proxyType = 1;
			remoteGlobalIDString = C812BCCF28E29C8600385B11;
			remoteInfo = chessApp;
		};
/* End PBXContainerItemProxy section */

/* Begin PBXFileReference section */
		C812BCD028E29C8600385B11 /* chessApp.app */ = {isa = PBXFileReference; explicitFileType = wrapper.application; includeInIndex = 0; path = chessApp.app; sourceTree = BUILT_PRODUCTS_DIR; };
		C812BCD328E29C8600385B11 /* AppDelegate.swift */ = {isa = PBXFileReference; lastKnownFileType = sourcecode.swift; path = AppDelegate.swift; sourceTree = "<group>"; };
		C812BCD528E29C8600385B11 /* SceneDelegate.swift */ = {isa = PBXFileReference; lastKnownFileType = sourcecode.swift; path = SceneDelegate.swift; sourceTree = "<group>"; };
		C812BCD728E29C8600385B11 /* ViewController.swift */ = {isa = PBXFileReference; lastKnownFileType = sourcecode.swift; path = ViewController.swift; sourceTree = "<group>"; };
		C812BCDA28E29C8600385B11 /* Base */ = {isa = PBXFileReference; lastKnownFileType = file.storyboard; name = Base; path = Base.lproj/Main.storyboard; sourceTree = "<group>"; };
		C812BCDC28E29C8800385B11 /* Assets.xcassets */ = {isa = PBXFileReference; lastKnownFileType = folder.assetcatalog; path = Assets.xcassets; sourceTree = "<group>"; };
		C812BCDF28E29C8800385B11 /* Base */ = {isa = PBXFileReference; lastKnownFileType = file.storyboard; name = Base; path = Base.lproj/LaunchScreen.storyboard; sourceTree = "<group>"; };
		C812BCE128E29C8800385B11 /* Info.plist */ = {isa = PBXFileReference; lastKnownFileType = text.plist.xml; path = Info.plist; sourceTree = "<group>"; };
		C812BCE628E29C8800385B11 /* chessAppTests.xctest */ = {isa = PBXFileReference; explicitFileType = wrapper.cfbundle; includeInIndex = 0; path = chessAppTests.xctest; sourceTree = BUILT_PRODUCTS_DIR; };
		C812BCEA28E29C8800385B11 /* chessAppTests.swift */ = {isa = PBXFileReference; lastKnownFileType = sourcecode.swift; path = chessAppTests.swift; sourceTree = "<group>"; };
		C812BCF028E29C8900385B11 /* chessAppUITests.xctest */ = {isa = PBXFileReference; explicitFileType = wrapper.cfbundle; includeInIndex = 0; path = chessAppUITests.xctest; sourceTree = BUILT_PRODUCTS_DIR; };
		C812BCF428E29C8900385B11 /* chessAppUITests.swift */ = {isa = PBXFileReference; lastKnownFileType = sourcecode.swift; path = chessAppUITests.swift; sourceTree = "<group>"; };
		C812BCF628E29C8900385B11 /* chessAppUITestsLaunchTests.swift */ = {isa = PBXFileReference; lastKnownFileType = sourcecode.swift; path = chessAppUITestsLaunchTests.swift; sourceTree = "<group>"; };
		C812BD0428E2AA7400385B11 /* ChessBoard.swift */ = {isa = PBXFileReference; lastKnownFileType = sourcecode.swift; path = ChessBoard.swift; sourceTree = "<group>"; };
		C812BD0C28E2C80A00385B11 /* ChessPiece.swift */ = {isa = PBXFileReference; lastKnownFileType = sourcecode.swift; path = ChessPiece.swift; sourceTree = "<group>"; };
		C8D0E5D628E2FA93005A2ECD /* ChessPawn.swift */ = {isa = PBXFileReference; fileEncoding = 4; lastKnownFileType = sourcecode.swift; path = ChessPawn.swift; sourceTree = "<group>"; };
		C8D0E5D928E2FE01005A2ECD /* PieceType.swift */ = {isa = PBXFileReference; lastKnownFileType = sourcecode.swift; path = PieceType.swift; sourceTree = "<group>"; };
		C8D0E5DB28E2FE21005A2ECD /* PieceColor.swift */ = {isa = PBXFileReference; lastKnownFileType = sourcecode.swift; path = PieceColor.swift; sourceTree = "<group>"; };
		C8D0E5DD28E2FE3D005A2ECD /* Position.swift */ = {isa = PBXFileReference; lastKnownFileType = sourcecode.swift; path = Position.swift; sourceTree = "<group>"; };
		C8D0E5E128E3107D005A2ECD /* ChessBoard+Description.swift */ = {isa = PBXFileReference; lastKnownFileType = sourcecode.swift; path = "ChessBoard+Description.swift"; sourceTree = "<group>"; };
/* End PBXFileReference section */

/* Begin PBXFrameworksBuildPhase section */
		C812BCCD28E29C8600385B11 /* Frameworks */ = {
			isa = PBXFrameworksBuildPhase;
			buildActionMask = 2147483647;
			files = (
			);
			runOnlyForDeploymentPostprocessing = 0;
		};
		C812BCE328E29C8800385B11 /* Frameworks */ = {
			isa = PBXFrameworksBuildPhase;
			buildActionMask = 2147483647;
			files = (
			);
			runOnlyForDeploymentPostprocessing = 0;
		};
		C812BCED28E29C8900385B11 /* Frameworks */ = {
			isa = PBXFrameworksBuildPhase;
			buildActionMask = 2147483647;
			files = (
			);
			runOnlyForDeploymentPostprocessing = 0;
		};
/* End PBXFrameworksBuildPhase section */

/* Begin PBXGroup section */
		C812BCC728E29C8600385B11 = {
			isa = PBXGroup;
			children = (
				C812BCD228E29C8600385B11 /* chessApp */,
				C812BCE928E29C8800385B11 /* chessAppTests */,
				C812BCF328E29C8900385B11 /* chessAppUITests */,
				C812BCD128E29C8600385B11 /* Products */,
			);
			sourceTree = "<group>";
		};
		C812BCD128E29C8600385B11 /* Products */ = {
			isa = PBXGroup;
			children = (
				C812BCD028E29C8600385B11 /* chessApp.app */,
				C812BCE628E29C8800385B11 /* chessAppTests.xctest */,
				C812BCF028E29C8900385B11 /* chessAppUITests.xctest */,
			);
			name = Products;
			sourceTree = "<group>";
		};
		C812BCD228E29C8600385B11 /* chessApp */ = {
			isa = PBXGroup;
			children = (
				C812BD0328E2AA4D00385B11 /* Model */,
				C812BD0B28E2C75E00385B11 /* Resource */,
				C812BCD328E29C8600385B11 /* AppDelegate.swift */,
				C812BCD528E29C8600385B11 /* SceneDelegate.swift */,
				C812BCD728E29C8600385B11 /* ViewController.swift */,
				C812BCE128E29C8800385B11 /* Info.plist */,
			);
			path = chessApp;
			sourceTree = "<group>";
		};
		C812BCE928E29C8800385B11 /* chessAppTests */ = {
			isa = PBXGroup;
			children = (
				C812BCEA28E29C8800385B11 /* chessAppTests.swift */,
			);
			path = chessAppTests;
			sourceTree = "<group>";
		};
		C812BCF328E29C8900385B11 /* chessAppUITests */ = {
			isa = PBXGroup;
			children = (
				C812BCF428E29C8900385B11 /* chessAppUITests.swift */,
				C812BCF628E29C8900385B11 /* chessAppUITestsLaunchTests.swift */,
			);
			path = chessAppUITests;
			sourceTree = "<group>";
		};
		C812BD0328E2AA4D00385B11 /* Model */ = {
			isa = PBXGroup;
			children = (
				C8D0E5D828E2FDF1005A2ECD /* Common */,
				C812BD0428E2AA7400385B11 /* ChessBoard.swift */,
				C8D0E5E128E3107D005A2ECD /* ChessBoard+Description.swift */,
				C812BD0C28E2C80A00385B11 /* ChessPiece.swift */,
				C8D0E5D628E2FA93005A2ECD /* ChessPawn.swift */,
			);
			path = Model;
			sourceTree = "<group>";
		};
		C812BD0B28E2C75E00385B11 /* Resource */ = {
			isa = PBXGroup;
			children = (
				C812BCD928E29C8600385B11 /* Main.storyboard */,
				C812BCDC28E29C8800385B11 /* Assets.xcassets */,
				C812BCDE28E29C8800385B11 /* LaunchScreen.storyboard */,
			);
			path = Resource;
			sourceTree = "<group>";
		};
		C8D0E5D828E2FDF1005A2ECD /* Common */ = {
			isa = PBXGroup;
			children = (
				C8D0E5D928E2FE01005A2ECD /* PieceType.swift */,
				C8D0E5DB28E2FE21005A2ECD /* PieceColor.swift */,
				C8D0E5DD28E2FE3D005A2ECD /* Position.swift */,
			);
			path = Common;
			sourceTree = "<group>";
		};
/* End PBXGroup section */

/* Begin PBXNativeTarget section */
		C812BCCF28E29C8600385B11 /* chessApp */ = {
			isa = PBXNativeTarget;
			buildConfigurationList = C812BCFA28E29C8900385B11 /* Build configuration list for PBXNativeTarget "chessApp" */;
			buildPhases = (
				C812BCCC28E29C8600385B11 /* Sources */,
				C812BCCD28E29C8600385B11 /* Frameworks */,
				C812BCCE28E29C8600385B11 /* Resources */,
			);
			buildRules = (
			);
			dependencies = (
			);
			name = chessApp;
			productName = chessApp;
			productReference = C812BCD028E29C8600385B11 /* chessApp.app */;
			productType = "com.apple.product-type.application";
		};
		C812BCE528E29C8800385B11 /* chessAppTests */ = {
			isa = PBXNativeTarget;
			buildConfigurationList = C812BCFD28E29C8900385B11 /* Build configuration list for PBXNativeTarget "chessAppTests" */;
			buildPhases = (
				C812BCE228E29C8800385B11 /* Sources */,
				C812BCE328E29C8800385B11 /* Frameworks */,
				C812BCE428E29C8800385B11 /* Resources */,
			);
			buildRules = (
			);
			dependencies = (
				C812BCE828E29C8800385B11 /* PBXTargetDependency */,
			);
			name = chessAppTests;
			productName = chessAppTests;
			productReference = C812BCE628E29C8800385B11 /* chessAppTests.xctest */;
			productType = "com.apple.product-type.bundle.unit-test";
		};
		C812BCEF28E29C8900385B11 /* chessAppUITests */ = {
			isa = PBXNativeTarget;
			buildConfigurationList = C812BD0028E29C8900385B11 /* Build configuration list for PBXNativeTarget "chessAppUITests" */;
			buildPhases = (
				C812BCEC28E29C8900385B11 /* Sources */,
				C812BCED28E29C8900385B11 /* Frameworks */,
				C812BCEE28E29C8900385B11 /* Resources */,
			);
			buildRules = (
			);
			dependencies = (
				C812BCF228E29C8900385B11 /* PBXTargetDependency */,
			);
			name = chessAppUITests;
			productName = chessAppUITests;
			productReference = C812BCF028E29C8900385B11 /* chessAppUITests.xctest */;
			productType = "com.apple.product-type.bundle.ui-testing";
		};
/* End PBXNativeTarget section */

/* Begin PBXProject section */
		C812BCC828E29C8600385B11 /* Project object */ = {
			isa = PBXProject;
			attributes = {
				BuildIndependentTargetsInParallel = 1;
				LastSwiftUpdateCheck = 1340;
				LastUpgradeCheck = 1340;
				TargetAttributes = {
					C812BCCF28E29C8600385B11 = {
						CreatedOnToolsVersion = 13.4.1;
					};
					C812BCE528E29C8800385B11 = {
						CreatedOnToolsVersion = 13.4.1;
						TestTargetID = C812BCCF28E29C8600385B11;
					};
					C812BCEF28E29C8900385B11 = {
						CreatedOnToolsVersion = 13.4.1;
						TestTargetID = C812BCCF28E29C8600385B11;
					};
				};
			};
			buildConfigurationList = C812BCCB28E29C8600385B11 /* Build configuration list for PBXProject "chessApp" */;
			compatibilityVersion = "Xcode 13.0";
			developmentRegion = en;
			hasScannedForEncodings = 0;
			knownRegions = (
				en,
				Base,
			);
			mainGroup = C812BCC728E29C8600385B11;
			productRefGroup = C812BCD128E29C8600385B11 /* Products */;
			projectDirPath = "";
			projectRoot = "";
			targets = (
				C812BCCF28E29C8600385B11 /* chessApp */,
				C812BCE528E29C8800385B11 /* chessAppTests */,
				C812BCEF28E29C8900385B11 /* chessAppUITests */,
			);
		};
/* End PBXProject section */

/* Begin PBXResourcesBuildPhase section */
		C812BCCE28E29C8600385B11 /* Resources */ = {
			isa = PBXResourcesBuildPhase;
			buildActionMask = 2147483647;
			files = (
				C812BCE028E29C8800385B11 /* LaunchScreen.storyboard in Resources */,
				C812BCDD28E29C8800385B11 /* Assets.xcassets in Resources */,
				C812BCDB28E29C8600385B11 /* Main.storyboard in Resources */,
			);
			runOnlyForDeploymentPostprocessing = 0;
		};
		C812BCE428E29C8800385B11 /* Resources */ = {
			isa = PBXResourcesBuildPhase;
			buildActionMask = 2147483647;
			files = (
			);
			runOnlyForDeploymentPostprocessing = 0;
		};
		C812BCEE28E29C8900385B11 /* Resources */ = {
			isa = PBXResourcesBuildPhase;
			buildActionMask = 2147483647;
			files = (
			);
			runOnlyForDeploymentPostprocessing = 0;
		};
/* End PBXResourcesBuildPhase section */

/* Begin PBXSourcesBuildPhase section */
		C812BCCC28E29C8600385B11 /* Sources */ = {
			isa = PBXSourcesBuildPhase;
			buildActionMask = 2147483647;
			files = (
				C8D0E5DC28E2FE21005A2ECD /* PieceColor.swift in Sources */,
				C812BD0D28E2C80A00385B11 /* ChessPiece.swift in Sources */,
				C8D0E5DA28E2FE01005A2ECD /* PieceType.swift in Sources */,
				C812BCD828E29C8600385B11 /* ViewController.swift in Sources */,
				C8D0E5D728E2FA93005A2ECD /* ChessPawn.swift in Sources */,
				C812BD0528E2AA7400385B11 /* ChessBoard.swift in Sources */,
				C812BCD428E29C8600385B11 /* AppDelegate.swift in Sources */,
				C812BCD628E29C8600385B11 /* SceneDelegate.swift in Sources */,
				C8D0E5E228E3107D005A2ECD /* ChessBoard+Description.swift in Sources */,
				C8D0E5DE28E2FE3D005A2ECD /* Position.swift in Sources */,
			);
			runOnlyForDeploymentPostprocessing = 0;
		};
		C812BCE228E29C8800385B11 /* Sources */ = {
			isa = PBXSourcesBuildPhase;
			buildActionMask = 2147483647;
			files = (
				C812BCEB28E29C8800385B11 /* chessAppTests.swift in Sources */,
			);
			runOnlyForDeploymentPostprocessing = 0;
		};
		C812BCEC28E29C8900385B11 /* Sources */ = {
			isa = PBXSourcesBuildPhase;
			buildActionMask = 2147483647;
			files = (
				C812BCF728E29C8900385B11 /* chessAppUITestsLaunchTests.swift in Sources */,
				C812BCF528E29C8900385B11 /* chessAppUITests.swift in Sources */,
			);
			runOnlyForDeploymentPostprocessing = 0;
		};
/* End PBXSourcesBuildPhase section */

/* Begin PBXTargetDependency section */
		C812BCE828E29C8800385B11 /* PBXTargetDependency */ = {
			isa = PBXTargetDependency;
			target = C812BCCF28E29C8600385B11 /* chessApp */;
			targetProxy = C812BCE728E29C8800385B11 /* PBXContainerItemProxy */;
		};
		C812BCF228E29C8900385B11 /* PBXTargetDependency */ = {
			isa = PBXTargetDependency;
			target = C812BCCF28E29C8600385B11 /* chessApp */;
			targetProxy = C812BCF128E29C8900385B11 /* PBXContainerItemProxy */;
		};
/* End PBXTargetDependency section */

/* Begin PBXVariantGroup section */
		C812BCD928E29C8600385B11 /* Main.storyboard */ = {
			isa = PBXVariantGroup;
			children = (
				C812BCDA28E29C8600385B11 /* Base */,
			);
			name = Main.storyboard;
			sourceTree = "<group>";
		};
		C812BCDE28E29C8800385B11 /* LaunchScreen.storyboard */ = {
			isa = PBXVariantGroup;
			children = (
				C812BCDF28E29C8800385B11 /* Base */,
			);
			name = LaunchScreen.storyboard;
			sourceTree = "<group>";
		};
/* End PBXVariantGroup section */

/* Begin XCBuildConfiguration section */
		C812BCF828E29C8900385B11 /* Debug */ = {
			isa = XCBuildConfiguration;
			buildSettings = {
				ALWAYS_SEARCH_USER_PATHS = NO;
				CLANG_ANALYZER_NONNULL = YES;
				CLANG_ANALYZER_NUMBER_OBJECT_CONVERSION = YES_AGGRESSIVE;
				CLANG_CXX_LANGUAGE_STANDARD = "gnu++17";
				CLANG_ENABLE_MODULES = YES;
				CLANG_ENABLE_OBJC_ARC = YES;
				CLANG_ENABLE_OBJC_WEAK = YES;
				CLANG_WARN_BLOCK_CAPTURE_AUTORELEASING = YES;
				CLANG_WARN_BOOL_CONVERSION = YES;
				CLANG_WARN_COMMA = YES;
				CLANG_WARN_CONSTANT_CONVERSION = YES;
				CLANG_WARN_DEPRECATED_OBJC_IMPLEMENTATIONS = YES;
				CLANG_WARN_DIRECT_OBJC_ISA_USAGE = YES_ERROR;
				CLANG_WARN_DOCUMENTATION_COMMENTS = YES;
				CLANG_WARN_EMPTY_BODY = YES;
				CLANG_WARN_ENUM_CONVERSION = YES;
				CLANG_WARN_INFINITE_RECURSION = YES;
				CLANG_WARN_INT_CONVERSION = YES;
				CLANG_WARN_NON_LITERAL_NULL_CONVERSION = YES;
				CLANG_WARN_OBJC_IMPLICIT_RETAIN_SELF = YES;
				CLANG_WARN_OBJC_LITERAL_CONVERSION = YES;
				CLANG_WARN_OBJC_ROOT_CLASS = YES_ERROR;
				CLANG_WARN_QUOTED_INCLUDE_IN_FRAMEWORK_HEADER = YES;
				CLANG_WARN_RANGE_LOOP_ANALYSIS = YES;
				CLANG_WARN_STRICT_PROTOTYPES = YES;
				CLANG_WARN_SUSPICIOUS_MOVE = YES;
				CLANG_WARN_UNGUARDED_AVAILABILITY = YES_AGGRESSIVE;
				CLANG_WARN_UNREACHABLE_CODE = YES;
				CLANG_WARN__DUPLICATE_METHOD_MATCH = YES;
				COPY_PHASE_STRIP = NO;
				DEBUG_INFORMATION_FORMAT = dwarf;
				ENABLE_STRICT_OBJC_MSGSEND = YES;
				ENABLE_TESTABILITY = YES;
				GCC_C_LANGUAGE_STANDARD = gnu11;
				GCC_DYNAMIC_NO_PIC = NO;
				GCC_NO_COMMON_BLOCKS = YES;
				GCC_OPTIMIZATION_LEVEL = 0;
				GCC_PREPROCESSOR_DEFINITIONS = (
					"DEBUG=1",
					"$(inherited)",
				);
				GCC_WARN_64_TO_32_BIT_CONVERSION = YES;
				GCC_WARN_ABOUT_RETURN_TYPE = YES_ERROR;
				GCC_WARN_UNDECLARED_SELECTOR = YES;
				GCC_WARN_UNINITIALIZED_AUTOS = YES_AGGRESSIVE;
				GCC_WARN_UNUSED_FUNCTION = YES;
				GCC_WARN_UNUSED_VARIABLE = YES;
				IPHONEOS_DEPLOYMENT_TARGET = 15.5;
				MTL_ENABLE_DEBUG_INFO = INCLUDE_SOURCE;
				MTL_FAST_MATH = YES;
				ONLY_ACTIVE_ARCH = YES;
				SDKROOT = iphoneos;
				SWIFT_ACTIVE_COMPILATION_CONDITIONS = DEBUG;
				SWIFT_OPTIMIZATION_LEVEL = "-Onone";
			};
			name = Debug;
		};
		C812BCF928E29C8900385B11 /* Release */ = {
			isa = XCBuildConfiguration;
			buildSettings = {
				ALWAYS_SEARCH_USER_PATHS = NO;
				CLANG_ANALYZER_NONNULL = YES;
				CLANG_ANALYZER_NUMBER_OBJECT_CONVERSION = YES_AGGRESSIVE;
				CLANG_CXX_LANGUAGE_STANDARD = "gnu++17";
				CLANG_ENABLE_MODULES = YES;
				CLANG_ENABLE_OBJC_ARC = YES;
				CLANG_ENABLE_OBJC_WEAK = YES;
				CLANG_WARN_BLOCK_CAPTURE_AUTORELEASING = YES;
				CLANG_WARN_BOOL_CONVERSION = YES;
				CLANG_WARN_COMMA = YES;
				CLANG_WARN_CONSTANT_CONVERSION = YES;
				CLANG_WARN_DEPRECATED_OBJC_IMPLEMENTATIONS = YES;
				CLANG_WARN_DIRECT_OBJC_ISA_USAGE = YES_ERROR;
				CLANG_WARN_DOCUMENTATION_COMMENTS = YES;
				CLANG_WARN_EMPTY_BODY = YES;
				CLANG_WARN_ENUM_CONVERSION = YES;
				CLANG_WARN_INFINITE_RECURSION = YES;
				CLANG_WARN_INT_CONVERSION = YES;
				CLANG_WARN_NON_LITERAL_NULL_CONVERSION = YES;
				CLANG_WARN_OBJC_IMPLICIT_RETAIN_SELF = YES;
				CLANG_WARN_OBJC_LITERAL_CONVERSION = YES;
				CLANG_WARN_OBJC_ROOT_CLASS = YES_ERROR;
				CLANG_WARN_QUOTED_INCLUDE_IN_FRAMEWORK_HEADER = YES;
				CLANG_WARN_RANGE_LOOP_ANALYSIS = YES;
				CLANG_WARN_STRICT_PROTOTYPES = YES;
				CLANG_WARN_SUSPICIOUS_MOVE = YES;
				CLANG_WARN_UNGUARDED_AVAILABILITY = YES_AGGRESSIVE;
				CLANG_WARN_UNREACHABLE_CODE = YES;
				CLANG_WARN__DUPLICATE_METHOD_MATCH = YES;
				COPY_PHASE_STRIP = NO;
				DEBUG_INFORMATION_FORMAT = "dwarf-with-dsym";
				ENABLE_NS_ASSERTIONS = NO;
				ENABLE_STRICT_OBJC_MSGSEND = YES;
				GCC_C_LANGUAGE_STANDARD = gnu11;
				GCC_NO_COMMON_BLOCKS = YES;
				GCC_WARN_64_TO_32_BIT_CONVERSION = YES;
				GCC_WARN_ABOUT_RETURN_TYPE = YES_ERROR;
				GCC_WARN_UNDECLARED_SELECTOR = YES;
				GCC_WARN_UNINITIALIZED_AUTOS = YES_AGGRESSIVE;
				GCC_WARN_UNUSED_FUNCTION = YES;
				GCC_WARN_UNUSED_VARIABLE = YES;
				IPHONEOS_DEPLOYMENT_TARGET = 15.5;
				MTL_ENABLE_DEBUG_INFO = NO;
				MTL_FAST_MATH = YES;
				SDKROOT = iphoneos;
				SWIFT_COMPILATION_MODE = wholemodule;
				SWIFT_OPTIMIZATION_LEVEL = "-O";
				VALIDATE_PRODUCT = YES;
			};
			name = Release;
		};
		C812BCFB28E29C8900385B11 /* Debug */ = {
			isa = XCBuildConfiguration;
			buildSettings = {
				ASSETCATALOG_COMPILER_APPICON_NAME = AppIcon;
				ASSETCATALOG_COMPILER_GLOBAL_ACCENT_COLOR_NAME = AccentColor;
				CODE_SIGN_STYLE = Automatic;
				CURRENT_PROJECT_VERSION = 1;
				GENERATE_INFOPLIST_FILE = YES;
				INFOPLIST_FILE = chessApp/Info.plist;
				INFOPLIST_KEY_UIApplicationSupportsIndirectInputEvents = YES;
				INFOPLIST_KEY_UILaunchStoryboardName = LaunchScreen;
				INFOPLIST_KEY_UIMainStoryboardFile = Main;
				INFOPLIST_KEY_UISupportedInterfaceOrientations_iPad = "UIInterfaceOrientationPortrait UIInterfaceOrientationPortraitUpsideDown UIInterfaceOrientationLandscapeLeft UIInterfaceOrientationLandscapeRight";
				INFOPLIST_KEY_UISupportedInterfaceOrientations_iPhone = "UIInterfaceOrientationPortrait UIInterfaceOrientationLandscapeLeft UIInterfaceOrientationLandscapeRight";
				LD_RUNPATH_SEARCH_PATHS = (
					"$(inherited)",
					"@executable_path/Frameworks",
				);
				MARKETING_VERSION = 1.0;
				PRODUCT_BUNDLE_IDENTIFIER = clean.swift.chessApp;
				PRODUCT_NAME = "$(TARGET_NAME)";
				SWIFT_EMIT_LOC_STRINGS = YES;
				SWIFT_VERSION = 5.0;
				TARGETED_DEVICE_FAMILY = "1,2";
			};
			name = Debug;
		};
		C812BCFC28E29C8900385B11 /* Release */ = {
			isa = XCBuildConfiguration;
			buildSettings = {
				ASSETCATALOG_COMPILER_APPICON_NAME = AppIcon;
				ASSETCATALOG_COMPILER_GLOBAL_ACCENT_COLOR_NAME = AccentColor;
				CODE_SIGN_STYLE = Automatic;
				CURRENT_PROJECT_VERSION = 1;
				GENERATE_INFOPLIST_FILE = YES;
				INFOPLIST_FILE = chessApp/Info.plist;
				INFOPLIST_KEY_UIApplicationSupportsIndirectInputEvents = YES;
				INFOPLIST_KEY_UILaunchStoryboardName = LaunchScreen;
				INFOPLIST_KEY_UIMainStoryboardFile = Main;
				INFOPLIST_KEY_UISupportedInterfaceOrientations_iPad = "UIInterfaceOrientationPortrait UIInterfaceOrientationPortraitUpsideDown UIInterfaceOrientationLandscapeLeft UIInterfaceOrientationLandscapeRight";
				INFOPLIST_KEY_UISupportedInterfaceOrientations_iPhone = "UIInterfaceOrientationPortrait UIInterfaceOrientationLandscapeLeft UIInterfaceOrientationLandscapeRight";
				LD_RUNPATH_SEARCH_PATHS = (
					"$(inherited)",
					"@executable_path/Frameworks",
				);
				MARKETING_VERSION = 1.0;
				PRODUCT_BUNDLE_IDENTIFIER = clean.swift.chessApp;
				PRODUCT_NAME = "$(TARGET_NAME)";
				SWIFT_EMIT_LOC_STRINGS = YES;
				SWIFT_VERSION = 5.0;
				TARGETED_DEVICE_FAMILY = "1,2";
			};
			name = Release;
		};
		C812BCFE28E29C8900385B11 /* Debug */ = {
			isa = XCBuildConfiguration;
			buildSettings = {
				ALWAYS_EMBED_SWIFT_STANDARD_LIBRARIES = YES;
				BUNDLE_LOADER = "$(TEST_HOST)";
				CODE_SIGN_STYLE = Automatic;
				CURRENT_PROJECT_VERSION = 1;
				GENERATE_INFOPLIST_FILE = YES;
				IPHONEOS_DEPLOYMENT_TARGET = 15.5;
				MARKETING_VERSION = 1.0;
				PRODUCT_BUNDLE_IDENTIFIER = clean.swift.chessAppTests;
				PRODUCT_NAME = "$(TARGET_NAME)";
				SWIFT_EMIT_LOC_STRINGS = NO;
				SWIFT_VERSION = 5.0;
				TARGETED_DEVICE_FAMILY = "1,2";
				TEST_HOST = "$(BUILT_PRODUCTS_DIR)/chessApp.app/chessApp";
			};
			name = Debug;
		};
		C812BCFF28E29C8900385B11 /* Release */ = {
			isa = XCBuildConfiguration;
			buildSettings = {
				ALWAYS_EMBED_SWIFT_STANDARD_LIBRARIES = YES;
				BUNDLE_LOADER = "$(TEST_HOST)";
				CODE_SIGN_STYLE = Automatic;
				CURRENT_PROJECT_VERSION = 1;
				GENERATE_INFOPLIST_FILE = YES;
				IPHONEOS_DEPLOYMENT_TARGET = 15.5;
				MARKETING_VERSION = 1.0;
				PRODUCT_BUNDLE_IDENTIFIER = clean.swift.chessAppTests;
				PRODUCT_NAME = "$(TARGET_NAME)";
				SWIFT_EMIT_LOC_STRINGS = NO;
				SWIFT_VERSION = 5.0;
				TARGETED_DEVICE_FAMILY = "1,2";
				TEST_HOST = "$(BUILT_PRODUCTS_DIR)/chessApp.app/chessApp";
			};
			name = Release;
		};
		C812BD0128E29C8900385B11 /* Debug */ = {
			isa = XCBuildConfiguration;
			buildSettings = {
				ALWAYS_EMBED_SWIFT_STANDARD_LIBRARIES = YES;
				CODE_SIGN_STYLE = Automatic;
				CURRENT_PROJECT_VERSION = 1;
				GENERATE_INFOPLIST_FILE = YES;
				MARKETING_VERSION = 1.0;
				PRODUCT_BUNDLE_IDENTIFIER = clean.swift.chessAppUITests;
				PRODUCT_NAME = "$(TARGET_NAME)";
				SWIFT_EMIT_LOC_STRINGS = NO;
				SWIFT_VERSION = 5.0;
				TARGETED_DEVICE_FAMILY = "1,2";
				TEST_TARGET_NAME = chessApp;
			};
			name = Debug;
		};
		C812BD0228E29C8900385B11 /* Release */ = {
			isa = XCBuildConfiguration;
			buildSettings = {
				ALWAYS_EMBED_SWIFT_STANDARD_LIBRARIES = YES;
				CODE_SIGN_STYLE = Automatic;
				CURRENT_PROJECT_VERSION = 1;
				GENERATE_INFOPLIST_FILE = YES;
				MARKETING_VERSION = 1.0;
				PRODUCT_BUNDLE_IDENTIFIER = clean.swift.chessAppUITests;
				PRODUCT_NAME = "$(TARGET_NAME)";
				SWIFT_EMIT_LOC_STRINGS = NO;
				SWIFT_VERSION = 5.0;
				TARGETED_DEVICE_FAMILY = "1,2";
				TEST_TARGET_NAME = chessApp;
			};
			name = Release;
		};
/* End XCBuildConfiguration section */

/* Begin XCConfigurationList section */
		C812BCCB28E29C8600385B11 /* Build configuration list for PBXProject "chessApp" */ = {
			isa = XCConfigurationList;
			buildConfigurations = (
				C812BCF828E29C8900385B11 /* Debug */,
				C812BCF928E29C8900385B11 /* Release */,
			);
			defaultConfigurationIsVisible = 0;
			defaultConfigurationName = Release;
		};
		C812BCFA28E29C8900385B11 /* Build configuration list for PBXNativeTarget "chessApp" */ = {
			isa = XCConfigurationList;
			buildConfigurations = (
				C812BCFB28E29C8900385B11 /* Debug */,
				C812BCFC28E29C8900385B11 /* Release */,
			);
			defaultConfigurationIsVisible = 0;
			defaultConfigurationName = Release;
		};
		C812BCFD28E29C8900385B11 /* Build configuration list for PBXNativeTarget "chessAppTests" */ = {
			isa = XCConfigurationList;
			buildConfigurations = (
				C812BCFE28E29C8900385B11 /* Debug */,
				C812BCFF28E29C8900385B11 /* Release */,
			);
			defaultConfigurationIsVisible = 0;
			defaultConfigurationName = Release;
		};
		C812BD0028E29C8900385B11 /* Build configuration list for PBXNativeTarget "chessAppUITests" */ = {
			isa = XCConfigurationList;
			buildConfigurations = (
				C812BD0128E29C8900385B11 /* Debug */,
				C812BD0228E29C8900385B11 /* Release */,
			);
			defaultConfigurationIsVisible = 0;
			defaultConfigurationName = Release;
		};
/* End XCConfigurationList section */
	};
	rootObject = C812BCC828E29C8600385B11 /* Project object */;
}
